// !$*UTF8*$!
{
	archiveVersion = 1;
	classes = {
	};
	objectVersion = 46;
	objects = {

/* Begin PBXBuildFile section */
		3F00040E1DAE89C90072D529 /* LocationsRouter.swift in Sources */ = {isa = PBXBuildFile; fileRef = 3F00040D1DAE89C90072D529 /* LocationsRouter.swift */; };
		3F0004131DAE919A0072D529 /* LocationsPresenter.swift in Sources */ = {isa = PBXBuildFile; fileRef = 3F0004121DAE919A0072D529 /* LocationsPresenter.swift */; };
		3F0004151DAE94880072D529 /* LocationsViewController.swift in Sources */ = {isa = PBXBuildFile; fileRef = 3F0004141DAE94880072D529 /* LocationsViewController.swift */; };
		3F0004191DAE97600072D529 /* Location.swift in Sources */ = {isa = PBXBuildFile; fileRef = 3F0004171DAE97600072D529 /* Location.swift */; };
		3F00041A1DAE97600072D529 /* Menu.swift in Sources */ = {isa = PBXBuildFile; fileRef = 3F0004181DAE97600072D529 /* Menu.swift */; };
		3F00041C1DAE97EE0072D529 /* LocationsInteractor.swift in Sources */ = {isa = PBXBuildFile; fileRef = 3F00041B1DAE97EE0072D529 /* LocationsInteractor.swift */; };
		3F38CA5B1CE7B016000A3C73 /* Localizable.strings in Resources */ = {isa = PBXBuildFile; fileRef = 3F38CA5D1CE7B016000A3C73 /* Localizable.strings */; };
		3F4A28FF1DB7EAE100C19F01 /* UITests.swift in Sources */ = {isa = PBXBuildFile; fileRef = 3F4A28FE1DB7EAE100C19F01 /* UITests.swift */; };
		3F4A29071DB7EDE700C19F01 /* SnapshotHelper.swift in Sources */ = {isa = PBXBuildFile; fileRef = 3F4A29061DB7EDE700C19F01 /* SnapshotHelper.swift */; };
		3F5787781CE4F2C00065ECEA /* AppDelegate.swift in Sources */ = {isa = PBXBuildFile; fileRef = 3F5787771CE4F2C00065ECEA /* AppDelegate.swift */; };
		3F5787821CE4F2C00065ECEA /* Assets.xcassets in Resources */ = {isa = PBXBuildFile; fileRef = 3F5787811CE4F2C00065ECEA /* Assets.xcassets */; };
		3F5787851CE4F2C00065ECEA /* LaunchScreen.storyboard in Resources */ = {isa = PBXBuildFile; fileRef = 3F5787831CE4F2C00065ECEA /* LaunchScreen.storyboard */; };
		3F8470251CE4FB2300B6D01E /* Configuration.swift in Sources */ = {isa = PBXBuildFile; fileRef = 3F8470241CE4FB2300B6D01E /* Configuration.swift */; };
		3F8470271CE4FB6900B6D01E /* Configuration.plist in Resources */ = {isa = PBXBuildFile; fileRef = 3F8470261CE4FB6900B6D01E /* Configuration.plist */; };
		3F9340BF1DB139AE00D21CF5 /* stars.xcassets in Resources */ = {isa = PBXBuildFile; fileRef = 3F9340BE1DB139AE00D21CF5 /* stars.xcassets */; };
		3FA833BB1DAFFA6B00F9231B /* MenusRouter.swift in Sources */ = {isa = PBXBuildFile; fileRef = 3FA833BA1DAFFA6B00F9231B /* MenusRouter.swift */; };
		3FA833BD1DAFFCDB00F9231B /* MenusViewController.swift in Sources */ = {isa = PBXBuildFile; fileRef = 3FA833BC1DAFFCDB00F9231B /* MenusViewController.swift */; };
		3FA833BF1DAFFF6B00F9231B /* MenusPresenter.swift in Sources */ = {isa = PBXBuildFile; fileRef = 3FA833BE1DAFFF6B00F9231B /* MenusPresenter.swift */; };
		3FA833C11DAFFFC800F9231B /* MenusInteractor.swift in Sources */ = {isa = PBXBuildFile; fileRef = 3FA833C01DAFFFC800F9231B /* MenusInteractor.swift */; };
		3FA833C41DB0036300F9231B /* GroupBy.swift in Sources */ = {isa = PBXBuildFile; fileRef = 3FA833C31DB0036300F9231B /* GroupBy.swift */; };
		3FB04DAF1DB3D2ED00348CBA /* MenuDetailRouter.swift in Sources */ = {isa = PBXBuildFile; fileRef = 3FB04DAE1DB3D2ED00348CBA /* MenuDetailRouter.swift */; };
		3FB04DB11DB3D33600348CBA /* MenuDetailViewController.swift in Sources */ = {isa = PBXBuildFile; fileRef = 3FB04DB01DB3D33600348CBA /* MenuDetailViewController.swift */; };
		3FB04DC01DB4173A00348CBA /* ConnectionErrorRouter.swift in Sources */ = {isa = PBXBuildFile; fileRef = 3FB04DBF1DB4173A00348CBA /* ConnectionErrorRouter.swift */; };
		3FE3DEBF1DB533080090EC18 /* NetworkRouter.swift in Sources */ = {isa = PBXBuildFile; fileRef = 3FE3DEBE1DB533080090EC18 /* NetworkRouter.swift */; };
		C1E8AB32E7DB7F8C38497B24 /* Pods_Coop.framework in Frameworks */ = {isa = PBXBuildFile; fileRef = 6654F4A60911C7149DAC1E0B /* Pods_Coop.framework */; };
/* End PBXBuildFile section */

/* Begin PBXContainerItemProxy section */
		3F4A29011DB7EAE100C19F01 /* PBXContainerItemProxy */ = {
			isa = PBXContainerItemProxy;
			containerPortal = 3F57876C1CE4F2C00065ECEA /* Project object */;
			proxyType = 1;
			remoteGlobalIDString = 3F5787731CE4F2C00065ECEA;
			remoteInfo = Coop;
		};
/* End PBXContainerItemProxy section */

/* Begin PBXFileReference section */
		20A683D0449FE4B4FCC2DE85 /* Pods-Coop.release.xcconfig */ = {isa = PBXFileReference; includeInIndex = 1; lastKnownFileType = text.xcconfig; name = "Pods-Coop.release.xcconfig"; path = "Pods/Target Support Files/Pods-Coop/Pods-Coop.release.xcconfig"; sourceTree = "<group>"; };
		3F00040D1DAE89C90072D529 /* LocationsRouter.swift */ = {isa = PBXFileReference; fileEncoding = 4; lastKnownFileType = sourcecode.swift; name = LocationsRouter.swift; path = Scenes/Locations/LocationsRouter.swift; sourceTree = "<group>"; };
		3F0004121DAE919A0072D529 /* LocationsPresenter.swift */ = {isa = PBXFileReference; fileEncoding = 4; lastKnownFileType = sourcecode.swift; name = LocationsPresenter.swift; path = Scenes/Locations/LocationsPresenter.swift; sourceTree = "<group>"; };
		3F0004141DAE94880072D529 /* LocationsViewController.swift */ = {isa = PBXFileReference; fileEncoding = 4; lastKnownFileType = sourcecode.swift; name = LocationsViewController.swift; path = Scenes/Locations/LocationsViewController.swift; sourceTree = "<group>"; };
		3F0004171DAE97600072D529 /* Location.swift */ = {isa = PBXFileReference; fileEncoding = 4; lastKnownFileType = sourcecode.swift; name = Location.swift; path = Entities/Location.swift; sourceTree = "<group>"; };
		3F0004181DAE97600072D529 /* Menu.swift */ = {isa = PBXFileReference; fileEncoding = 4; lastKnownFileType = sourcecode.swift; name = Menu.swift; path = Entities/Menu.swift; sourceTree = "<group>"; };
		3F00041B1DAE97EE0072D529 /* LocationsInteractor.swift */ = {isa = PBXFileReference; fileEncoding = 4; lastKnownFileType = sourcecode.swift; name = LocationsInteractor.swift; path = Scenes/Locations/LocationsInteractor.swift; sourceTree = "<group>"; };
		3F2B8FEF1DC5328800EC6289 /* SimulatorStatusMagic.framework */ = {isa = PBXFileReference; lastKnownFileType = wrapper.framework; name = SimulatorStatusMagic.framework; path = "../../../../Library/Developer/Xcode/DerivedData/Coop-erknrfndrkjtnkdoxqcyevkjkech/Build/Products/Debug-iphonesimulator/SimulatorStatusMagic/SimulatorStatusMagic.framework"; sourceTree = "<group>"; };
		3F38CA5A1CE7AFE8000A3C73 /* de */ = {isa = PBXFileReference; lastKnownFileType = text.plist.strings; name = de; path = de.lproj/LaunchScreen.strings; sourceTree = "<group>"; };
		3F38CA5E1CE7B01F000A3C73 /* en */ = {isa = PBXFileReference; lastKnownFileType = text.plist.strings; name = en; path = en.lproj/Localizable.strings; sourceTree = "<group>"; };
		3F38CA5F1CE7B02B000A3C73 /* de */ = {isa = PBXFileReference; lastKnownFileType = text.plist.strings; name = de; path = de.lproj/Localizable.strings; sourceTree = "<group>"; };
		3F4A28FC1DB7EAE100C19F01 /* UITests.xctest */ = {isa = PBXFileReference; explicitFileType = wrapper.cfbundle; includeInIndex = 0; path = UITests.xctest; sourceTree = BUILT_PRODUCTS_DIR; };
		3F4A28FE1DB7EAE100C19F01 /* UITests.swift */ = {isa = PBXFileReference; lastKnownFileType = sourcecode.swift; path = UITests.swift; sourceTree = "<group>"; };
		3F4A29001DB7EAE100C19F01 /* Info.plist */ = {isa = PBXFileReference; lastKnownFileType = text.plist.xml; path = Info.plist; sourceTree = "<group>"; };
		3F4A29061DB7EDE700C19F01 /* SnapshotHelper.swift */ = {isa = PBXFileReference; fileEncoding = 4; lastKnownFileType = sourcecode.swift; path = SnapshotHelper.swift; sourceTree = SOURCE_ROOT; };
		3F5787741CE4F2C00065ECEA /* Coop.app */ = {isa = PBXFileReference; explicitFileType = wrapper.application; includeInIndex = 0; path = Coop.app; sourceTree = BUILT_PRODUCTS_DIR; };
		3F5787771CE4F2C00065ECEA /* AppDelegate.swift */ = {isa = PBXFileReference; lastKnownFileType = sourcecode.swift; path = AppDelegate.swift; sourceTree = "<group>"; };
		3F5787811CE4F2C00065ECEA /* Assets.xcassets */ = {isa = PBXFileReference; lastKnownFileType = folder.assetcatalog; path = Assets.xcassets; sourceTree = "<group>"; };
		3F5787841CE4F2C00065ECEA /* Base */ = {isa = PBXFileReference; lastKnownFileType = file.storyboard; name = Base; path = Base.lproj/LaunchScreen.storyboard; sourceTree = "<group>"; };
		3F5787861CE4F2C00065ECEA /* Info.plist */ = {isa = PBXFileReference; lastKnownFileType = text.plist.xml; path = Info.plist; sourceTree = "<group>"; };
		3F8470241CE4FB2300B6D01E /* Configuration.swift */ = {isa = PBXFileReference; fileEncoding = 4; lastKnownFileType = sourcecode.swift; path = Configuration.swift; sourceTree = "<group>"; };
		3F8470261CE4FB6900B6D01E /* Configuration.plist */ = {isa = PBXFileReference; fileEncoding = 4; lastKnownFileType = text.plist.xml; path = Configuration.plist; sourceTree = "<group>"; };
		3F9340BE1DB139AE00D21CF5 /* stars.xcassets */ = {isa = PBXFileReference; lastKnownFileType = folder.assetcatalog; path = stars.xcassets; sourceTree = "<group>"; };
		3F983E481DA4307F00BB415C /* NotificationCenter.framework */ = {isa = PBXFileReference; lastKnownFileType = wrapper.framework; name = NotificationCenter.framework; path = System/Library/Frameworks/NotificationCenter.framework; sourceTree = SDKROOT; };
		3FA833BA1DAFFA6B00F9231B /* MenusRouter.swift */ = {isa = PBXFileReference; fileEncoding = 4; lastKnownFileType = sourcecode.swift; name = MenusRouter.swift; path = Scenes/Menus/MenusRouter.swift; sourceTree = "<group>"; };
		3FA833BC1DAFFCDB00F9231B /* MenusViewController.swift */ = {isa = PBXFileReference; fileEncoding = 4; lastKnownFileType = sourcecode.swift; name = MenusViewController.swift; path = Scenes/Menus/MenusViewController.swift; sourceTree = "<group>"; };
		3FA833BE1DAFFF6B00F9231B /* MenusPresenter.swift */ = {isa = PBXFileReference; fileEncoding = 4; lastKnownFileType = sourcecode.swift; name = MenusPresenter.swift; path = Scenes/Menus/MenusPresenter.swift; sourceTree = "<group>"; };
		3FA833C01DAFFFC800F9231B /* MenusInteractor.swift */ = {isa = PBXFileReference; fileEncoding = 4; lastKnownFileType = sourcecode.swift; name = MenusInteractor.swift; path = Scenes/Menus/MenusInteractor.swift; sourceTree = "<group>"; };
		3FA833C31DB0036300F9231B /* GroupBy.swift */ = {isa = PBXFileReference; fileEncoding = 4; lastKnownFileType = sourcecode.swift; name = GroupBy.swift; path = Extensions/GroupBy.swift; sourceTree = "<group>"; };
		3FB04DAE1DB3D2ED00348CBA /* MenuDetailRouter.swift */ = {isa = PBXFileReference; fileEncoding = 4; lastKnownFileType = sourcecode.swift; name = MenuDetailRouter.swift; path = Scenes/MenuDetail/MenuDetailRouter.swift; sourceTree = "<group>"; };
		3FB04DB01DB3D33600348CBA /* MenuDetailViewController.swift */ = {isa = PBXFileReference; fileEncoding = 4; lastKnownFileType = sourcecode.swift; name = MenuDetailViewController.swift; path = Scenes/MenuDetail/MenuDetailViewController.swift; sourceTree = "<group>"; };
		3FB04DBF1DB4173A00348CBA /* ConnectionErrorRouter.swift */ = {isa = PBXFileReference; fileEncoding = 4; lastKnownFileType = sourcecode.swift; name = ConnectionErrorRouter.swift; path = Scenes/ConnectionError/ConnectionErrorRouter.swift; sourceTree = "<group>"; };
		3FE3DEBE1DB533080090EC18 /* NetworkRouter.swift */ = {isa = PBXFileReference; fileEncoding = 4; lastKnownFileType = sourcecode.swift; name = NetworkRouter.swift; path = Protocols/NetworkRouter.swift; sourceTree = "<group>"; };
		6654F4A60911C7149DAC1E0B /* Pods_Coop.framework */ = {isa = PBXFileReference; explicitFileType = wrapper.framework; includeInIndex = 0; path = Pods_Coop.framework; sourceTree = BUILT_PRODUCTS_DIR; };
		A921D3EC39B454CF7654B757 /* Pods-Coop.debug.xcconfig */ = {isa = PBXFileReference; includeInIndex = 1; lastKnownFileType = text.xcconfig; name = "Pods-Coop.debug.xcconfig"; path = "Pods/Target Support Files/Pods-Coop/Pods-Coop.debug.xcconfig"; sourceTree = "<group>"; };
/* End PBXFileReference section */

/* Begin PBXFrameworksBuildPhase section */
		3F4A28F91DB7EAE100C19F01 /* Frameworks */ = {
			isa = PBXFrameworksBuildPhase;
			buildActionMask = 2147483647;
			files = (
			);
			runOnlyForDeploymentPostprocessing = 0;
		};
		3F5787711CE4F2C00065ECEA /* Frameworks */ = {
			isa = PBXFrameworksBuildPhase;
			buildActionMask = 2147483647;
			files = (
				C1E8AB32E7DB7F8C38497B24 /* Pods_Coop.framework in Frameworks */,
			);
			runOnlyForDeploymentPostprocessing = 0;
		};
/* End PBXFrameworksBuildPhase section */

/* Begin PBXGroup section */
		3F00040B1DAE865A0072D529 /* Scenes */ = {
			isa = PBXGroup;
			children = (
				3FB04DBE1DB4171100348CBA /* ConnectionError */,
				3FB04DAD1DB3CF7700348CBA /* MenuDetail */,
				3FA833B91DAFFA3E00F9231B /* Menus */,
				3F00040C1DAE89A20072D529 /* Locations */,
			);
			name = Scenes;
			sourceTree = "<group>";
		};
		3F00040C1DAE89A20072D529 /* Locations */ = {
			isa = PBXGroup;
			children = (
				3F00040D1DAE89C90072D529 /* LocationsRouter.swift */,
				3F0004141DAE94880072D529 /* LocationsViewController.swift */,
				3F0004121DAE919A0072D529 /* LocationsPresenter.swift */,
				3F00041B1DAE97EE0072D529 /* LocationsInteractor.swift */,
			);
			name = Locations;
			sourceTree = "<group>";
		};
		3F0004161DAE97480072D529 /* Entities */ = {
			isa = PBXGroup;
			children = (
				3F0004171DAE97600072D529 /* Location.swift */,
				3F0004181DAE97600072D529 /* Menu.swift */,
			);
			name = Entities;
			sourceTree = "<group>";
		};
		3F4A28FD1DB7EAE100C19F01 /* UITests */ = {
			isa = PBXGroup;
			children = (
				3F4A29061DB7EDE700C19F01 /* SnapshotHelper.swift */,
				3F4A28FE1DB7EAE100C19F01 /* UITests.swift */,
				3F4A29001DB7EAE100C19F01 /* Info.plist */,
			);
			path = UITests;
			sourceTree = "<group>";
		};
		3F57876B1CE4F2C00065ECEA = {
			isa = PBXGroup;
			children = (
				3F5787761CE4F2C00065ECEA /* Coop */,
				3F4A28FD1DB7EAE100C19F01 /* UITests */,
				3F5787751CE4F2C00065ECEA /* Products */,
				489574382BAEF31EB7A6121D /* Pods */,
				B9F9689277805E8C02F7A68D /* Frameworks */,
			);
			sourceTree = "<group>";
		};
		3F5787751CE4F2C00065ECEA /* Products */ = {
			isa = PBXGroup;
			children = (
				3F5787741CE4F2C00065ECEA /* Coop.app */,
				3F4A28FC1DB7EAE100C19F01 /* UITests.xctest */,
			);
			name = Products;
			sourceTree = "<group>";
		};
		3F5787761CE4F2C00065ECEA /* Coop */ = {
			isa = PBXGroup;
			children = (
				3F9340BE1DB139AE00D21CF5 /* stars.xcassets */,
				3FE3DEBD1DB532DE0090EC18 /* Protocols */,
				3FA833C21DB0034000F9231B /* Extensions */,
				3F0004161DAE97480072D529 /* Entities */,
				3F00040B1DAE865A0072D529 /* Scenes */,
				3F5787771CE4F2C00065ECEA /* AppDelegate.swift */,
				3F8470241CE4FB2300B6D01E /* Configuration.swift */,
				3F5787811CE4F2C00065ECEA /* Assets.xcassets */,
				3F5787831CE4F2C00065ECEA /* LaunchScreen.storyboard */,
				3F5787861CE4F2C00065ECEA /* Info.plist */,
				3F8470261CE4FB6900B6D01E /* Configuration.plist */,
				3F38CA5D1CE7B016000A3C73 /* Localizable.strings */,
			);
			path = Coop;
			sourceTree = "<group>";
		};
		3FA833B91DAFFA3E00F9231B /* Menus */ = {
			isa = PBXGroup;
			children = (
				3FA833BA1DAFFA6B00F9231B /* MenusRouter.swift */,
				3FA833BC1DAFFCDB00F9231B /* MenusViewController.swift */,
				3FA833BE1DAFFF6B00F9231B /* MenusPresenter.swift */,
				3FA833C01DAFFFC800F9231B /* MenusInteractor.swift */,
			);
			name = Menus;
			sourceTree = "<group>";
		};
		3FA833C21DB0034000F9231B /* Extensions */ = {
			isa = PBXGroup;
			children = (
				3FA833C31DB0036300F9231B /* GroupBy.swift */,
			);
			name = Extensions;
			sourceTree = "<group>";
		};
		3FB04DAD1DB3CF7700348CBA /* MenuDetail */ = {
			isa = PBXGroup;
			children = (
				3FB04DAE1DB3D2ED00348CBA /* MenuDetailRouter.swift */,
				3FB04DB01DB3D33600348CBA /* MenuDetailViewController.swift */,
			);
			name = MenuDetail;
			sourceTree = "<group>";
		};
		3FB04DBE1DB4171100348CBA /* ConnectionError */ = {
			isa = PBXGroup;
			children = (
				3FB04DBF1DB4173A00348CBA /* ConnectionErrorRouter.swift */,
			);
			name = ConnectionError;
			sourceTree = "<group>";
		};
		3FE3DEBD1DB532DE0090EC18 /* Protocols */ = {
			isa = PBXGroup;
			children = (
				3FE3DEBE1DB533080090EC18 /* NetworkRouter.swift */,
			);
			name = Protocols;
			sourceTree = "<group>";
		};
		489574382BAEF31EB7A6121D /* Pods */ = {
			isa = PBXGroup;
			children = (
				A921D3EC39B454CF7654B757 /* Pods-Coop.debug.xcconfig */,
				20A683D0449FE4B4FCC2DE85 /* Pods-Coop.release.xcconfig */,
			);
			name = Pods;
			sourceTree = "<group>";
		};
		B9F9689277805E8C02F7A68D /* Frameworks */ = {
			isa = PBXGroup;
			children = (
				3F2B8FEF1DC5328800EC6289 /* SimulatorStatusMagic.framework */,
				6654F4A60911C7149DAC1E0B /* Pods_Coop.framework */,
				3F983E481DA4307F00BB415C /* NotificationCenter.framework */,
			);
			name = Frameworks;
			sourceTree = "<group>";
		};
/* End PBXGroup section */

/* Begin PBXNativeTarget section */
		3F4A28FB1DB7EAE100C19F01 /* UITests */ = {
			isa = PBXNativeTarget;
			buildConfigurationList = 3F4A29051DB7EAE100C19F01 /* Build configuration list for PBXNativeTarget "UITests" */;
			buildPhases = (
				3F4A28F81DB7EAE100C19F01 /* Sources */,
				3F4A28F91DB7EAE100C19F01 /* Frameworks */,
				3F4A28FA1DB7EAE100C19F01 /* Resources */,
			);
			buildRules = (
			);
			dependencies = (
				3F4A29021DB7EAE100C19F01 /* PBXTargetDependency */,
			);
			name = UITests;
			productName = UITests;
			productReference = 3F4A28FC1DB7EAE100C19F01 /* UITests.xctest */;
			productType = "com.apple.product-type.bundle.ui-testing";
		};
		3F5787731CE4F2C00065ECEA /* Coop */ = {
			isa = PBXNativeTarget;
			buildConfigurationList = 3F5787891CE4F2C00065ECEA /* Build configuration list for PBXNativeTarget "Coop" */;
			buildPhases = (
				B21C69D999BFE8F1E9C79DE8 /* [CP] Check Pods Manifest.lock */,
				3F5787701CE4F2C00065ECEA /* Sources */,
				3F5787711CE4F2C00065ECEA /* Frameworks */,
				3F5787721CE4F2C00065ECEA /* Resources */,
				5409BEADD00E47B6F248C485 /* [CP] Embed Pods Frameworks */,
				5013E6839A40DDBD4668CA59 /* [CP] Copy Pods Resources */,
			);
			buildRules = (
			);
			dependencies = (
			);
			name = Coop;
			productName = Coop;
			productReference = 3F5787741CE4F2C00065ECEA /* Coop.app */;
			productType = "com.apple.product-type.application";
		};
/* End PBXNativeTarget section */

/* Begin PBXProject section */
		3F57876C1CE4F2C00065ECEA /* Project object */ = {
			isa = PBXProject;
			attributes = {
				LastSwiftUpdateCheck = 0800;
				LastUpgradeCheck = 0900;
				ORGANIZATIONNAME = "Jeremy Stucki";
				TargetAttributes = {
					3F4A28FB1DB7EAE100C19F01 = {
						CreatedOnToolsVersion = 8.0;
						DevelopmentTeam = HAH73UHZG3;
						ProvisioningStyle = Automatic;
						TestTargetID = 3F5787731CE4F2C00065ECEA;
					};
					3F5787731CE4F2C00065ECEA = {
						CreatedOnToolsVersion = 7.3.1;
						DevelopmentTeam = HAH73UHZG3;
						LastSwiftMigration = 0800;
					};
				};
			};
			buildConfigurationList = 3F57876F1CE4F2C00065ECEA /* Build configuration list for PBXProject "Coop" */;
			compatibilityVersion = "Xcode 3.2";
			developmentRegion = English;
			hasScannedForEncodings = 0;
			knownRegions = (
				en,
				Base,
				de,
			);
			mainGroup = 3F57876B1CE4F2C00065ECEA;
			productRefGroup = 3F5787751CE4F2C00065ECEA /* Products */;
			projectDirPath = "";
			projectRoot = "";
			targets = (
				3F5787731CE4F2C00065ECEA /* Coop */,
				3F4A28FB1DB7EAE100C19F01 /* UITests */,
			);
		};
/* End PBXProject section */

/* Begin PBXResourcesBuildPhase section */
		3F4A28FA1DB7EAE100C19F01 /* Resources */ = {
			isa = PBXResourcesBuildPhase;
			buildActionMask = 2147483647;
			files = (
			);
			runOnlyForDeploymentPostprocessing = 0;
		};
		3F5787721CE4F2C00065ECEA /* Resources */ = {
			isa = PBXResourcesBuildPhase;
			buildActionMask = 2147483647;
			files = (
				3F8470271CE4FB6900B6D01E /* Configuration.plist in Resources */,
				3F9340BF1DB139AE00D21CF5 /* stars.xcassets in Resources */,
				3F38CA5B1CE7B016000A3C73 /* Localizable.strings in Resources */,
				3F5787851CE4F2C00065ECEA /* LaunchScreen.storyboard in Resources */,
				3F5787821CE4F2C00065ECEA /* Assets.xcassets in Resources */,
			);
			runOnlyForDeploymentPostprocessing = 0;
		};
/* End PBXResourcesBuildPhase section */

/* Begin PBXShellScriptBuildPhase section */
		5013E6839A40DDBD4668CA59 /* [CP] Copy Pods Resources */ = {
			isa = PBXShellScriptBuildPhase;
			buildActionMask = 2147483647;
			files = (
			);
			inputPaths = (
			);
			name = "[CP] Copy Pods Resources";
			outputPaths = (
			);
			runOnlyForDeploymentPostprocessing = 0;
			shellPath = /bin/sh;
			shellScript = "\"${SRCROOT}/Pods/Target Support Files/Pods-Coop/Pods-Coop-resources.sh\"\n";
			showEnvVarsInLog = 0;
		};
		5409BEADD00E47B6F248C485 /* [CP] Embed Pods Frameworks */ = {
			isa = PBXShellScriptBuildPhase;
			buildActionMask = 2147483647;
			files = (
			);
			inputPaths = (
			);
			name = "[CP] Embed Pods Frameworks";
			outputPaths = (
			);
			runOnlyForDeploymentPostprocessing = 0;
			shellPath = /bin/sh;
			shellScript = "\"${SRCROOT}/Pods/Target Support Files/Pods-Coop/Pods-Coop-frameworks.sh\"\n";
			showEnvVarsInLog = 0;
		};
		B21C69D999BFE8F1E9C79DE8 /* [CP] Check Pods Manifest.lock */ = {
			isa = PBXShellScriptBuildPhase;
			buildActionMask = 2147483647;
			files = (
			);
			inputPaths = (
			);
			name = "[CP] Check Pods Manifest.lock";
			outputPaths = (
			);
			runOnlyForDeploymentPostprocessing = 0;
			shellPath = /bin/sh;
			shellScript = "diff \"${PODS_PODFILE_DIR_PATH}/Podfile.lock\" \"${PODS_ROOT}/Manifest.lock\" > /dev/null\nif [ $? != 0 ] ; then\n    # print error to STDERR\n    echo \"error: The sandbox is not in sync with the Podfile.lock. Run 'pod install' or update your CocoaPods installation.\" >&2\n    exit 1\nfi\n";
			showEnvVarsInLog = 0;
		};
/* End PBXShellScriptBuildPhase section */

/* Begin PBXSourcesBuildPhase section */
		3F4A28F81DB7EAE100C19F01 /* Sources */ = {
			isa = PBXSourcesBuildPhase;
			buildActionMask = 2147483647;
			files = (
				3F4A28FF1DB7EAE100C19F01 /* UITests.swift in Sources */,
				3F4A29071DB7EDE700C19F01 /* SnapshotHelper.swift in Sources */,
			);
			runOnlyForDeploymentPostprocessing = 0;
		};
		3F5787701CE4F2C00065ECEA /* Sources */ = {
			isa = PBXSourcesBuildPhase;
			buildActionMask = 2147483647;
			files = (
				3F0004151DAE94880072D529 /* LocationsViewController.swift in Sources */,
				3FB04DC01DB4173A00348CBA /* ConnectionErrorRouter.swift in Sources */,
				3F00041A1DAE97600072D529 /* Menu.swift in Sources */,
				3F00041C1DAE97EE0072D529 /* LocationsInteractor.swift in Sources */,
				3FA833C41DB0036300F9231B /* GroupBy.swift in Sources */,
				3FB04DAF1DB3D2ED00348CBA /* MenuDetailRouter.swift in Sources */,
				3F5787781CE4F2C00065ECEA /* AppDelegate.swift in Sources */,
				3FB04DB11DB3D33600348CBA /* MenuDetailViewController.swift in Sources */,
				3FA833BF1DAFFF6B00F9231B /* MenusPresenter.swift in Sources */,
				3F00040E1DAE89C90072D529 /* LocationsRouter.swift in Sources */,
				3FA833BD1DAFFCDB00F9231B /* MenusViewController.swift in Sources */,
				3FA833BB1DAFFA6B00F9231B /* MenusRouter.swift in Sources */,
				3F8470251CE4FB2300B6D01E /* Configuration.swift in Sources */,
				3F0004131DAE919A0072D529 /* LocationsPresenter.swift in Sources */,
				3FE3DEBF1DB533080090EC18 /* NetworkRouter.swift in Sources */,
				3F0004191DAE97600072D529 /* Location.swift in Sources */,
				3FA833C11DAFFFC800F9231B /* MenusInteractor.swift in Sources */,
			);
			runOnlyForDeploymentPostprocessing = 0;
		};
/* End PBXSourcesBuildPhase section */

/* Begin PBXTargetDependency section */
		3F4A29021DB7EAE100C19F01 /* PBXTargetDependency */ = {
			isa = PBXTargetDependency;
			target = 3F5787731CE4F2C00065ECEA /* Coop */;
			targetProxy = 3F4A29011DB7EAE100C19F01 /* PBXContainerItemProxy */;
		};
/* End PBXTargetDependency section */

/* Begin PBXVariantGroup section */
		3F38CA5D1CE7B016000A3C73 /* Localizable.strings */ = {
			isa = PBXVariantGroup;
			children = (
				3F38CA5E1CE7B01F000A3C73 /* en */,
				3F38CA5F1CE7B02B000A3C73 /* de */,
			);
			name = Localizable.strings;
			sourceTree = "<group>";
		};
		3F5787831CE4F2C00065ECEA /* LaunchScreen.storyboard */ = {
			isa = PBXVariantGroup;
			children = (
				3F5787841CE4F2C00065ECEA /* Base */,
				3F38CA5A1CE7AFE8000A3C73 /* de */,
			);
			name = LaunchScreen.storyboard;
			sourceTree = "<group>";
		};
/* End PBXVariantGroup section */

/* Begin XCBuildConfiguration section */
		3F4A29031DB7EAE100C19F01 /* Debug */ = {
			isa = XCBuildConfiguration;
			buildSettings = {
				CLANG_WARN_DOCUMENTATION_COMMENTS = YES;
				CLANG_WARN_SUSPICIOUS_MOVES = YES;
				DEVELOPMENT_TEAM = HAH73UHZG3;
				INFOPLIST_FILE = UITests/Info.plist;
				IPHONEOS_DEPLOYMENT_TARGET = 10.0;
				LD_RUNPATH_SEARCH_PATHS = "$(inherited) @executable_path/Frameworks @loader_path/Frameworks";
				PRODUCT_BUNDLE_IDENTIFIER = "com.jeremystucki.coop-menuplan.UITests";
				PRODUCT_NAME = "$(TARGET_NAME)";
				SWIFT_ACTIVE_COMPILATION_CONDITIONS = DEBUG;
				SWIFT_OPTIMIZATION_LEVEL = "-Onone";
				SWIFT_VERSION = 3.0;
				TEST_TARGET_NAME = Coop;
			};
			name = Debug;
		};
		3F4A29041DB7EAE100C19F01 /* Release */ = {
			isa = XCBuildConfiguration;
			buildSettings = {
				CLANG_WARN_DOCUMENTATION_COMMENTS = YES;
				CLANG_WARN_SUSPICIOUS_MOVES = YES;
				DEVELOPMENT_TEAM = HAH73UHZG3;
				INFOPLIST_FILE = UITests/Info.plist;
				IPHONEOS_DEPLOYMENT_TARGET = 10.0;
				LD_RUNPATH_SEARCH_PATHS = "$(inherited) @executable_path/Frameworks @loader_path/Frameworks";
				PRODUCT_BUNDLE_IDENTIFIER = "com.jeremystucki.coop-menuplan.UITests";
				PRODUCT_NAME = "$(TARGET_NAME)";
				SWIFT_VERSION = 3.0;
				TEST_TARGET_NAME = Coop;
			};
			name = Release;
		};
		3F5787871CE4F2C00065ECEA /* Debug */ = {
			isa = XCBuildConfiguration;
			buildSettings = {
				ALWAYS_SEARCH_USER_PATHS = NO;
				CLANG_ANALYZER_LOCALIZABILITY_NONLOCALIZED = YES;
				CLANG_ANALYZER_NONNULL = YES;
				CLANG_CXX_LANGUAGE_STANDARD = "gnu++0x";
				CLANG_CXX_LIBRARY = "libc++";
				CLANG_ENABLE_MODULES = YES;
				CLANG_ENABLE_OBJC_ARC = YES;
				CLANG_WARN_BLOCK_CAPTURE_AUTORELEASING = YES;
				CLANG_WARN_BOOL_CONVERSION = YES;
				CLANG_WARN_COMMA = YES;
				CLANG_WARN_CONSTANT_CONVERSION = YES;
				CLANG_WARN_DIRECT_OBJC_ISA_USAGE = YES_ERROR;
				CLANG_WARN_EMPTY_BODY = YES;
				CLANG_WARN_ENUM_CONVERSION = YES;
				CLANG_WARN_INFINITE_RECURSION = YES;
				CLANG_WARN_INT_CONVERSION = YES;
				CLANG_WARN_NON_LITERAL_NULL_CONVERSION = YES;
				CLANG_WARN_OBJC_LITERAL_CONVERSION = YES;
				CLANG_WARN_OBJC_ROOT_CLASS = YES_ERROR;
				CLANG_WARN_RANGE_LOOP_ANALYSIS = YES;
				CLANG_WARN_STRICT_PROTOTYPES = YES;
				CLANG_WARN_SUSPICIOUS_MOVE = YES;
				CLANG_WARN_UNREACHABLE_CODE = YES;
				CLANG_WARN__DUPLICATE_METHOD_MATCH = YES;
				"CODE_SIGN_IDENTITY[sdk=iphoneos*]" = "iPhone Developer";
				COPY_PHASE_STRIP = NO;
				DEBUG_INFORMATION_FORMAT = dwarf;
				ENABLE_STRICT_OBJC_MSGSEND = YES;
				ENABLE_TESTABILITY = YES;
				GCC_C_LANGUAGE_STANDARD = gnu99;
				GCC_DYNAMIC_NO_PIC = NO;
				GCC_NO_COMMON_BLOCKS = YES;
				GCC_OPTIMIZATION_LEVEL = 0;
				GCC_PREPROCESSOR_DEFINITIONS = (
					"DEBUG=1",
					"$(inherited)",
				);
				GCC_WARN_64_TO_32_BIT_CONVERSION = YES;
				GCC_WARN_ABOUT_RETURN_TYPE = YES_ERROR;
				GCC_WARN_UNDECLARED_SELECTOR = YES;
				GCC_WARN_UNINITIALIZED_AUTOS = YES_AGGRESSIVE;
				GCC_WARN_UNUSED_FUNCTION = YES;
				GCC_WARN_UNUSED_VARIABLE = YES;
				MTL_ENABLE_DEBUG_INFO = YES;
				ONLY_ACTIVE_ARCH = YES;
				SDKROOT = iphoneos;
				SWIFT_OPTIMIZATION_LEVEL = "-Owholemodule";
			};
			name = Debug;
		};
		3F5787881CE4F2C00065ECEA /* Release */ = {
			isa = XCBuildConfiguration;
			buildSettings = {
				ALWAYS_SEARCH_USER_PATHS = NO;
				CLANG_ANALYZER_LOCALIZABILITY_NONLOCALIZED = YES;
				CLANG_ANALYZER_NONNULL = YES;
				CLANG_CXX_LANGUAGE_STANDARD = "gnu++0x";
				CLANG_CXX_LIBRARY = "libc++";
				CLANG_ENABLE_MODULES = YES;
				CLANG_ENABLE_OBJC_ARC = YES;
				CLANG_WARN_BLOCK_CAPTURE_AUTORELEASING = YES;
				CLANG_WARN_BOOL_CONVERSION = YES;
				CLANG_WARN_COMMA = YES;
				CLANG_WARN_CONSTANT_CONVERSION = YES;
				CLANG_WARN_DIRECT_OBJC_ISA_USAGE = YES_ERROR;
				CLANG_WARN_EMPTY_BODY = YES;
				CLANG_WARN_ENUM_CONVERSION = YES;
				CLANG_WARN_INFINITE_RECURSION = YES;
				CLANG_WARN_INT_CONVERSION = YES;
				CLANG_WARN_NON_LITERAL_NULL_CONVERSION = YES;
				CLANG_WARN_OBJC_LITERAL_CONVERSION = YES;
				CLANG_WARN_OBJC_ROOT_CLASS = YES_ERROR;
				CLANG_WARN_RANGE_LOOP_ANALYSIS = YES;
				CLANG_WARN_STRICT_PROTOTYPES = YES;
				CLANG_WARN_SUSPICIOUS_MOVE = YES;
				CLANG_WARN_UNREACHABLE_CODE = YES;
				CLANG_WARN__DUPLICATE_METHOD_MATCH = YES;
				"CODE_SIGN_IDENTITY[sdk=iphoneos*]" = "iPhone Developer";
				COPY_PHASE_STRIP = NO;
				DEBUG_INFORMATION_FORMAT = "dwarf-with-dsym";
				ENABLE_NS_ASSERTIONS = NO;
				ENABLE_STRICT_OBJC_MSGSEND = YES;
				GCC_C_LANGUAGE_STANDARD = gnu99;
				GCC_NO_COMMON_BLOCKS = YES;
				GCC_WARN_64_TO_32_BIT_CONVERSION = YES;
				GCC_WARN_ABOUT_RETURN_TYPE = YES_ERROR;
				GCC_WARN_UNDECLARED_SELECTOR = YES;
				GCC_WARN_UNINITIALIZED_AUTOS = YES_AGGRESSIVE;
				GCC_WARN_UNUSED_FUNCTION = YES;
				GCC_WARN_UNUSED_VARIABLE = YES;
				MTL_ENABLE_DEBUG_INFO = NO;
				SDKROOT = iphoneos;
				SWIFT_OPTIMIZATION_LEVEL = "-Owholemodule";
				VALIDATE_PRODUCT = YES;
			};
			name = Release;
		};
		3F57878A1CE4F2C00065ECEA /* Debug */ = {
			isa = XCBuildConfiguration;
			baseConfigurationReference = A921D3EC39B454CF7654B757 /* Pods-Coop.debug.xcconfig */;
			buildSettings = {
				ALWAYS_EMBED_SWIFT_STANDARD_LIBRARIES = YES;
				ASSETCATALOG_COMPILER_APPICON_NAME = AppIcon;
				CODE_SIGN_IDENTITY = "iPhone Developer";
				DEVELOPMENT_TEAM = HAH73UHZG3;
				ENABLE_BITCODE = NO;
				GCC_DYNAMIC_NO_PIC = YES;
				INFOPLIST_FILE = Coop/Info.plist;
				IPHONEOS_DEPLOYMENT_TARGET = 9.3;
				LD_NO_PIE = YES;
				LD_RUNPATH_SEARCH_PATHS = "$(inherited) @executable_path/Frameworks";
				PRODUCT_BUNDLE_IDENTIFIER = "com.jeremystucki.coop-menuplan";
				PRODUCT_NAME = "$(TARGET_NAME)";
				SWIFT_OPTIMIZATION_LEVEL = "-Onone";
				SWIFT_VERSION = 3.0;
				TARGETED_DEVICE_FAMILY = "1,2";
			};
			name = Debug;
		};
		3F57878B1CE4F2C00065ECEA /* Release */ = {
			isa = XCBuildConfiguration;
			baseConfigurationReference = 20A683D0449FE4B4FCC2DE85 /* Pods-Coop.release.xcconfig */;
			buildSettings = {
				ALWAYS_EMBED_SWIFT_STANDARD_LIBRARIES = YES;
				ASSETCATALOG_COMPILER_APPICON_NAME = AppIcon;
				CODE_SIGN_IDENTITY = "iPhone Developer";
				DEVELOPMENT_TEAM = HAH73UHZG3;
				ENABLE_BITCODE = NO;
				GCC_DYNAMIC_NO_PIC = YES;
				INFOPLIST_FILE = Coop/Info.plist;
				IPHONEOS_DEPLOYMENT_TARGET = 9.3;
				LD_NO_PIE = YES;
				LD_RUNPATH_SEARCH_PATHS = "$(inherited) @executable_path/Frameworks";
				PRODUCT_BUNDLE_IDENTIFIER = "com.jeremystucki.coop-menuplan";
				PRODUCT_NAME = "$(TARGET_NAME)";
				SWIFT_OPTIMIZATION_LEVEL = "-Owholemodule";
				SWIFT_VERSION = 3.0;
				TARGETED_DEVICE_FAMILY = "1,2";
			};
			name = Release;
		};
/* End XCBuildConfiguration section */

/* Begin XCConfigurationList section */
		3F4A29051DB7EAE100C19F01 /* Build configuration list for PBXNativeTarget "UITests" */ = {
			isa = XCConfigurationList;
			buildConfigurations = (
				3F4A29031DB7EAE100C19F01 /* Debug */,
				3F4A29041DB7EAE100C19F01 /* Release */,
			);
			defaultConfigurationIsVisible = 0;
			defaultConfigurationName = Release;
		};
		3F57876F1CE4F2C00065ECEA /* Build configuration list for PBXProject "Coop" */ = {
			isa = XCConfigurationList;
			buildConfigurations = (
				3F5787871CE4F2C00065ECEA /* Debug */,
				3F5787881CE4F2C00065ECEA /* Release */,
			);
			defaultConfigurationIsVisible = 0;
			defaultConfigurationName = Release;
		};
		3F5787891CE4F2C00065ECEA /* Build configuration list for PBXNativeTarget "Coop" */ = {
			isa = XCConfigurationList;
			buildConfigurations = (
				3F57878A1CE4F2C00065ECEA /* Debug */,
				3F57878B1CE4F2C00065ECEA /* Release */,
			);
			defaultConfigurationIsVisible = 0;
			defaultConfigurationName = Release;
		};
/* End XCConfigurationList section */
	};
	rootObject = 3F57876C1CE4F2C00065ECEA /* Project object */;
}
