// !$*UTF8*$!
{
	archiveVersion = 1;
	classes = {
	};
	objectVersion = 46;
	objects = {

/* Begin PBXBuildFile section */
		3F38CA5B1CE7B016000A3C73 /* Localizable.strings in Resources */ = {isa = PBXBuildFile; fileRef = 3F38CA5D1CE7B016000A3C73 /* Localizable.strings */; };
		3F5787781CE4F2C00065ECEA /* AppDelegate.swift in Sources */ = {isa = PBXBuildFile; fileRef = 3F5787771CE4F2C00065ECEA /* AppDelegate.swift */; };
		3F5787801CE4F2C00065ECEA /* Coop.xcdatamodeld in Sources */ = {isa = PBXBuildFile; fileRef = 3F57877E1CE4F2C00065ECEA /* Coop.xcdatamodeld */; };
		3F5787821CE4F2C00065ECEA /* Assets.xcassets in Resources */ = {isa = PBXBuildFile; fileRef = 3F5787811CE4F2C00065ECEA /* Assets.xcassets */; };
		3F5787851CE4F2C00065ECEA /* LaunchScreen.storyboard in Resources */ = {isa = PBXBuildFile; fileRef = 3F5787831CE4F2C00065ECEA /* LaunchScreen.storyboard */; };
		3F5D688B1CE667EF004E3390 /* ApiManager.swift in Sources */ = {isa = PBXBuildFile; fileRef = 3F5D688A1CE667EF004E3390 /* ApiManager.swift */; };
		3F5D688E1CE66C86004E3390 /* Location.swift in Sources */ = {isa = PBXBuildFile; fileRef = 3F5D688D1CE66C86004E3390 /* Location.swift */; };
		3F5D68901CE6747B004E3390 /* LocationsTableViewDelegate.swift in Sources */ = {isa = PBXBuildFile; fileRef = 3F5D688F1CE6747B004E3390 /* LocationsTableViewDelegate.swift */; };
		3F5D68921CE674A1004E3390 /* LocationsTableViewDataSource.swift in Sources */ = {isa = PBXBuildFile; fileRef = 3F5D68911CE674A1004E3390 /* LocationsTableViewDataSource.swift */; };
		3F5D68941CE674FA004E3390 /* LocationsTableViewOutput.swift in Sources */ = {isa = PBXBuildFile; fileRef = 3F5D68931CE674FA004E3390 /* LocationsTableViewOutput.swift */; };
		3F84700C1CE4F4F300B6D01E /* LocationsViewController.swift in Sources */ = {isa = PBXBuildFile; fileRef = 3F84700B1CE4F4F300B6D01E /* LocationsViewController.swift */; };
		3F84700E1CE4F63100B6D01E /* LocationsViewPresenter.swift in Sources */ = {isa = PBXBuildFile; fileRef = 3F84700D1CE4F63100B6D01E /* LocationsViewPresenter.swift */; };
		3F8470151CE4F73800B6D01E /* LocationsViewInteractor.swift in Sources */ = {isa = PBXBuildFile; fileRef = 3F8470141CE4F73800B6D01E /* LocationsViewInteractor.swift */; };
		3F8470171CE4F76800B6D01E /* LocationsViewPresenterOutput.swift in Sources */ = {isa = PBXBuildFile; fileRef = 3F8470161CE4F76800B6D01E /* LocationsViewPresenterOutput.swift */; };
		3F84701D1CE4F7B700B6D01E /* LocationsViewControllerOutput.swift in Sources */ = {isa = PBXBuildFile; fileRef = 3F84701C1CE4F7B700B6D01E /* LocationsViewControllerOutput.swift */; };
		3F84701F1CE4F7CF00B6D01E /* LocationsViewInteractorOutput.swift in Sources */ = {isa = PBXBuildFile; fileRef = 3F84701E1CE4F7CF00B6D01E /* LocationsViewInteractorOutput.swift */; };
		3F8470231CE4F87100B6D01E /* ViewControllerFactory.swift in Sources */ = {isa = PBXBuildFile; fileRef = 3F8470221CE4F87100B6D01E /* ViewControllerFactory.swift */; };
		3F8470251CE4FB2300B6D01E /* Configuration.swift in Sources */ = {isa = PBXBuildFile; fileRef = 3F8470241CE4FB2300B6D01E /* Configuration.swift */; };
		3F8470271CE4FB6900B6D01E /* Configuration.plist in Resources */ = {isa = PBXBuildFile; fileRef = 3F8470261CE4FB6900B6D01E /* Configuration.plist */; };
		3FA215291CE7BC4C00490D0E /* MenuDetailViewController.swift in Sources */ = {isa = PBXBuildFile; fileRef = 3FA215261CE7BC4C00490D0E /* MenuDetailViewController.swift */; };
		3FA2152A1CE7BC4C00490D0E /* MenuDetailViewInteractor.swift in Sources */ = {isa = PBXBuildFile; fileRef = 3FA215271CE7BC4C00490D0E /* MenuDetailViewInteractor.swift */; };
		3FA2152B1CE7BC4C00490D0E /* MenuDetailViewPresenter.swift in Sources */ = {isa = PBXBuildFile; fileRef = 3FA215281CE7BC4C00490D0E /* MenuDetailViewPresenter.swift */; };
		3FA215301CE7BC6100490D0E /* MenuDetailViewControllerOutput.swift in Sources */ = {isa = PBXBuildFile; fileRef = 3FA2152D1CE7BC6100490D0E /* MenuDetailViewControllerOutput.swift */; };
		3FA215311CE7BC6100490D0E /* MenuDetailViewInteractorOutput.swift in Sources */ = {isa = PBXBuildFile; fileRef = 3FA2152E1CE7BC6100490D0E /* MenuDetailViewInteractorOutput.swift */; };
		3FA215321CE7BC6100490D0E /* MenuDetailViewPresenterOutput.swift in Sources */ = {isa = PBXBuildFile; fileRef = 3FA2152F1CE7BC6100490D0E /* MenuDetailViewPresenterOutput.swift */; };
		3FA215341CE7BDA800490D0E /* MenusTableViewOutput.swift in Sources */ = {isa = PBXBuildFile; fileRef = 3FA215331CE7BDA800490D0E /* MenusTableViewOutput.swift */; };
		3FA215361CE7BF0700490D0E /* GroupBy.swift in Sources */ = {isa = PBXBuildFile; fileRef = 3FA215351CE7BF0700490D0E /* GroupBy.swift */; };
		3FA215381CE7BF1900490D0E /* Menu.swift in Sources */ = {isa = PBXBuildFile; fileRef = 3FA215371CE7BF1900490D0E /* Menu.swift */; };
		3FD58CC81CE70D55005EED35 /* MenusViewController.swift in Sources */ = {isa = PBXBuildFile; fileRef = 3FD58CC71CE70D55005EED35 /* MenusViewController.swift */; };
		3FD58CCA1CE70D69005EED35 /* MenusViewInteractor.swift in Sources */ = {isa = PBXBuildFile; fileRef = 3FD58CC91CE70D69005EED35 /* MenusViewInteractor.swift */; };
		3FD58CD11CE70E02005EED35 /* MenusViewPresenter.swift in Sources */ = {isa = PBXBuildFile; fileRef = 3FD58CD01CE70E02005EED35 /* MenusViewPresenter.swift */; };
		3FD58CD71CE70E4E005EED35 /* MenusViewControllerOutput.swift in Sources */ = {isa = PBXBuildFile; fileRef = 3FD58CD61CE70E4E005EED35 /* MenusViewControllerOutput.swift */; };
		3FD58CDB1CE70E95005EED35 /* MenusViewPresenterOutput.swift in Sources */ = {isa = PBXBuildFile; fileRef = 3FD58CDA1CE70E95005EED35 /* MenusViewPresenterOutput.swift */; };
		3FD58CDF1CE70EC4005EED35 /* MenusViewInteractorOutput.swift in Sources */ = {isa = PBXBuildFile; fileRef = 3FD58CDE1CE70EC4005EED35 /* MenusViewInteractorOutput.swift */; };
		3FD58CE61CE7553D005EED35 /* MenusTableViewDelegate.swift in Sources */ = {isa = PBXBuildFile; fileRef = 3FD58CE51CE7553D005EED35 /* MenusTableViewDelegate.swift */; };
		3FD58CE81CE75561005EED35 /* MenusTableViewDataSource.swift in Sources */ = {isa = PBXBuildFile; fileRef = 3FD58CE71CE75561005EED35 /* MenusTableViewDataSource.swift */; };
		951AFC0B31255F0AFD992F2E /* Pods_Coop.framework in Frameworks */ = {isa = PBXBuildFile; fileRef = 628FDAFF2741D5E89860C341 /* Pods_Coop.framework */; };
/* End PBXBuildFile section */

/* Begin PBXFileReference section */
		3F38CA5A1CE7AFE8000A3C73 /* de */ = {isa = PBXFileReference; lastKnownFileType = text.plist.strings; name = de; path = de.lproj/LaunchScreen.strings; sourceTree = "<group>"; };
		3F38CA5E1CE7B01F000A3C73 /* en */ = {isa = PBXFileReference; lastKnownFileType = text.plist.strings; name = en; path = en.lproj/Localizable.strings; sourceTree = "<group>"; };
		3F38CA5F1CE7B02B000A3C73 /* de */ = {isa = PBXFileReference; lastKnownFileType = text.plist.strings; name = de; path = de.lproj/Localizable.strings; sourceTree = "<group>"; };
		3F5787741CE4F2C00065ECEA /* Coop.app */ = {isa = PBXFileReference; explicitFileType = wrapper.application; includeInIndex = 0; path = Coop.app; sourceTree = BUILT_PRODUCTS_DIR; };
		3F5787771CE4F2C00065ECEA /* AppDelegate.swift */ = {isa = PBXFileReference; lastKnownFileType = sourcecode.swift; path = AppDelegate.swift; sourceTree = "<group>"; };
		3F57877F1CE4F2C00065ECEA /* Coop.xcdatamodel */ = {isa = PBXFileReference; lastKnownFileType = wrapper.xcdatamodel; path = Coop.xcdatamodel; sourceTree = "<group>"; };
		3F5787811CE4F2C00065ECEA /* Assets.xcassets */ = {isa = PBXFileReference; lastKnownFileType = folder.assetcatalog; path = Assets.xcassets; sourceTree = "<group>"; };
		3F5787841CE4F2C00065ECEA /* Base */ = {isa = PBXFileReference; lastKnownFileType = file.storyboard; name = Base; path = Base.lproj/LaunchScreen.storyboard; sourceTree = "<group>"; };
		3F5787861CE4F2C00065ECEA /* Info.plist */ = {isa = PBXFileReference; lastKnownFileType = text.plist.xml; path = Info.plist; sourceTree = "<group>"; };
		3F5D688A1CE667EF004E3390 /* ApiManager.swift */ = {isa = PBXFileReference; fileEncoding = 4; lastKnownFileType = sourcecode.swift; path = ApiManager.swift; sourceTree = "<group>"; };
		3F5D688D1CE66C86004E3390 /* Location.swift */ = {isa = PBXFileReference; fileEncoding = 4; lastKnownFileType = sourcecode.swift; name = Location.swift; path = Models/Location.swift; sourceTree = "<group>"; };
		3F5D688F1CE6747B004E3390 /* LocationsTableViewDelegate.swift */ = {isa = PBXFileReference; fileEncoding = 4; lastKnownFileType = sourcecode.swift; name = LocationsTableViewDelegate.swift; path = Scenes/Locations/LocationsTableViewDelegate.swift; sourceTree = "<group>"; };
		3F5D68911CE674A1004E3390 /* LocationsTableViewDataSource.swift */ = {isa = PBXFileReference; fileEncoding = 4; lastKnownFileType = sourcecode.swift; name = LocationsTableViewDataSource.swift; path = Scenes/Locations/LocationsTableViewDataSource.swift; sourceTree = "<group>"; };
		3F5D68931CE674FA004E3390 /* LocationsTableViewOutput.swift */ = {isa = PBXFileReference; fileEncoding = 4; lastKnownFileType = sourcecode.swift; name = LocationsTableViewOutput.swift; path = Scenes/Locations/Protocols/LocationsTableViewOutput.swift; sourceTree = "<group>"; };
		3F84700B1CE4F4F300B6D01E /* LocationsViewController.swift */ = {isa = PBXFileReference; fileEncoding = 4; lastKnownFileType = sourcecode.swift; name = LocationsViewController.swift; path = Scenes/Locations/LocationsViewController.swift; sourceTree = "<group>"; };
		3F84700D1CE4F63100B6D01E /* LocationsViewPresenter.swift */ = {isa = PBXFileReference; fileEncoding = 4; lastKnownFileType = sourcecode.swift; name = LocationsViewPresenter.swift; path = Scenes/Locations/LocationsViewPresenter.swift; sourceTree = "<group>"; };
		3F8470141CE4F73800B6D01E /* LocationsViewInteractor.swift */ = {isa = PBXFileReference; fileEncoding = 4; lastKnownFileType = sourcecode.swift; name = LocationsViewInteractor.swift; path = Scenes/Locations/LocationsViewInteractor.swift; sourceTree = "<group>"; };
		3F8470161CE4F76800B6D01E /* LocationsViewPresenterOutput.swift */ = {isa = PBXFileReference; fileEncoding = 4; lastKnownFileType = sourcecode.swift; name = LocationsViewPresenterOutput.swift; path = Scenes/Locations/Protocols/LocationsViewPresenterOutput.swift; sourceTree = "<group>"; };
		3F84701C1CE4F7B700B6D01E /* LocationsViewControllerOutput.swift */ = {isa = PBXFileReference; fileEncoding = 4; lastKnownFileType = sourcecode.swift; name = LocationsViewControllerOutput.swift; path = Scenes/Locations/Protocols/LocationsViewControllerOutput.swift; sourceTree = "<group>"; };
		3F84701E1CE4F7CF00B6D01E /* LocationsViewInteractorOutput.swift */ = {isa = PBXFileReference; fileEncoding = 4; lastKnownFileType = sourcecode.swift; name = LocationsViewInteractorOutput.swift; path = Scenes/Locations/Protocols/LocationsViewInteractorOutput.swift; sourceTree = "<group>"; };
		3F8470221CE4F87100B6D01E /* ViewControllerFactory.swift */ = {isa = PBXFileReference; fileEncoding = 4; lastKnownFileType = sourcecode.swift; name = ViewControllerFactory.swift; path = Factories/ViewControllerFactory.swift; sourceTree = "<group>"; };
		3F8470241CE4FB2300B6D01E /* Configuration.swift */ = {isa = PBXFileReference; fileEncoding = 4; lastKnownFileType = sourcecode.swift; path = Configuration.swift; sourceTree = "<group>"; };
		3F8470261CE4FB6900B6D01E /* Configuration.plist */ = {isa = PBXFileReference; fileEncoding = 4; lastKnownFileType = text.plist.xml; path = Configuration.plist; sourceTree = "<group>"; };
		3FA215261CE7BC4C00490D0E /* MenuDetailViewController.swift */ = {isa = PBXFileReference; fileEncoding = 4; lastKnownFileType = sourcecode.swift; name = MenuDetailViewController.swift; path = Scenes/MenuDetail/MenuDetailViewController.swift; sourceTree = "<group>"; };
		3FA215271CE7BC4C00490D0E /* MenuDetailViewInteractor.swift */ = {isa = PBXFileReference; fileEncoding = 4; lastKnownFileType = sourcecode.swift; name = MenuDetailViewInteractor.swift; path = Scenes/MenuDetail/MenuDetailViewInteractor.swift; sourceTree = "<group>"; };
		3FA215281CE7BC4C00490D0E /* MenuDetailViewPresenter.swift */ = {isa = PBXFileReference; fileEncoding = 4; lastKnownFileType = sourcecode.swift; name = MenuDetailViewPresenter.swift; path = Scenes/MenuDetail/MenuDetailViewPresenter.swift; sourceTree = "<group>"; };
		3FA2152D1CE7BC6100490D0E /* MenuDetailViewControllerOutput.swift */ = {isa = PBXFileReference; fileEncoding = 4; lastKnownFileType = sourcecode.swift; name = MenuDetailViewControllerOutput.swift; path = Scenes/MenuDetail/Protocols/MenuDetailViewControllerOutput.swift; sourceTree = "<group>"; };
		3FA2152E1CE7BC6100490D0E /* MenuDetailViewInteractorOutput.swift */ = {isa = PBXFileReference; fileEncoding = 4; lastKnownFileType = sourcecode.swift; name = MenuDetailViewInteractorOutput.swift; path = Scenes/MenuDetail/Protocols/MenuDetailViewInteractorOutput.swift; sourceTree = "<group>"; };
		3FA2152F1CE7BC6100490D0E /* MenuDetailViewPresenterOutput.swift */ = {isa = PBXFileReference; fileEncoding = 4; lastKnownFileType = sourcecode.swift; name = MenuDetailViewPresenterOutput.swift; path = Scenes/MenuDetail/Protocols/MenuDetailViewPresenterOutput.swift; sourceTree = "<group>"; };
		3FA215331CE7BDA800490D0E /* MenusTableViewOutput.swift */ = {isa = PBXFileReference; fileEncoding = 4; lastKnownFileType = sourcecode.swift; name = MenusTableViewOutput.swift; path = Scenes/Menus/Protocols/MenusTableViewOutput.swift; sourceTree = "<group>"; };
		3FA215351CE7BF0700490D0E /* GroupBy.swift */ = {isa = PBXFileReference; fileEncoding = 4; lastKnownFileType = sourcecode.swift; name = GroupBy.swift; path = Extensions/GroupBy.swift; sourceTree = "<group>"; };
		3FA215371CE7BF1900490D0E /* Menu.swift */ = {isa = PBXFileReference; fileEncoding = 4; lastKnownFileType = sourcecode.swift; name = Menu.swift; path = Models/Menu.swift; sourceTree = "<group>"; };
		3FD58CC71CE70D55005EED35 /* MenusViewController.swift */ = {isa = PBXFileReference; fileEncoding = 4; lastKnownFileType = sourcecode.swift; name = MenusViewController.swift; path = Scenes/Menus/MenusViewController.swift; sourceTree = "<group>"; };
		3FD58CC91CE70D69005EED35 /* MenusViewInteractor.swift */ = {isa = PBXFileReference; fileEncoding = 4; lastKnownFileType = sourcecode.swift; name = MenusViewInteractor.swift; path = Scenes/Menus/MenusViewInteractor.swift; sourceTree = "<group>"; };
		3FD58CD01CE70E02005EED35 /* MenusViewPresenter.swift */ = {isa = PBXFileReference; fileEncoding = 4; lastKnownFileType = sourcecode.swift; name = MenusViewPresenter.swift; path = Scenes/Menus/MenusViewPresenter.swift; sourceTree = "<group>"; };
		3FD58CD61CE70E4E005EED35 /* MenusViewControllerOutput.swift */ = {isa = PBXFileReference; fileEncoding = 4; lastKnownFileType = sourcecode.swift; name = MenusViewControllerOutput.swift; path = Scenes/Menus/Protocols/MenusViewControllerOutput.swift; sourceTree = "<group>"; };
		3FD58CDA1CE70E95005EED35 /* MenusViewPresenterOutput.swift */ = {isa = PBXFileReference; fileEncoding = 4; lastKnownFileType = sourcecode.swift; name = MenusViewPresenterOutput.swift; path = Scenes/Menus/Protocols/MenusViewPresenterOutput.swift; sourceTree = "<group>"; };
		3FD58CDE1CE70EC4005EED35 /* MenusViewInteractorOutput.swift */ = {isa = PBXFileReference; fileEncoding = 4; lastKnownFileType = sourcecode.swift; name = MenusViewInteractorOutput.swift; path = Scenes/Menus/Protocols/MenusViewInteractorOutput.swift; sourceTree = "<group>"; };
		3FD58CE51CE7553D005EED35 /* MenusTableViewDelegate.swift */ = {isa = PBXFileReference; fileEncoding = 4; lastKnownFileType = sourcecode.swift; name = MenusTableViewDelegate.swift; path = Scenes/Menus/MenusTableViewDelegate.swift; sourceTree = "<group>"; };
		3FD58CE71CE75561005EED35 /* MenusTableViewDataSource.swift */ = {isa = PBXFileReference; fileEncoding = 4; lastKnownFileType = sourcecode.swift; name = MenusTableViewDataSource.swift; path = Scenes/Menus/MenusTableViewDataSource.swift; sourceTree = "<group>"; };
		628FDAFF2741D5E89860C341 /* Pods_Coop.framework */ = {isa = PBXFileReference; explicitFileType = wrapper.framework; includeInIndex = 0; path = Pods_Coop.framework; sourceTree = BUILT_PRODUCTS_DIR; };
		C6D6BA86820118C9EF3653A5 /* Pods-Coop.debug.xcconfig */ = {isa = PBXFileReference; includeInIndex = 1; lastKnownFileType = text.xcconfig; name = "Pods-Coop.debug.xcconfig"; path = "Pods/Target Support Files/Pods-Coop/Pods-Coop.debug.xcconfig"; sourceTree = "<group>"; };
		D9EA2BBFAE14AE23083A735C /* Pods-Coop.release.xcconfig */ = {isa = PBXFileReference; includeInIndex = 1; lastKnownFileType = text.xcconfig; name = "Pods-Coop.release.xcconfig"; path = "Pods/Target Support Files/Pods-Coop/Pods-Coop.release.xcconfig"; sourceTree = "<group>"; };
/* End PBXFileReference section */

/* Begin PBXFrameworksBuildPhase section */
		3F5787711CE4F2C00065ECEA /* Frameworks */ = {
			isa = PBXFrameworksBuildPhase;
			buildActionMask = 2147483647;
			files = (
				951AFC0B31255F0AFD992F2E /* Pods_Coop.framework in Frameworks */,
			);
			runOnlyForDeploymentPostprocessing = 0;
		};
/* End PBXFrameworksBuildPhase section */

/* Begin PBXGroup section */
		07B63808A5186C5DD23EF257 /* Pods */ = {
			isa = PBXGroup;
			children = (
				C6D6BA86820118C9EF3653A5 /* Pods-Coop.debug.xcconfig */,
				D9EA2BBFAE14AE23083A735C /* Pods-Coop.release.xcconfig */,
			);
			name = Pods;
			sourceTree = "<group>";
		};
		3F57876B1CE4F2C00065ECEA = {
			isa = PBXGroup;
			children = (
				3F5787761CE4F2C00065ECEA /* Coop */,
				3F5787751CE4F2C00065ECEA /* Products */,
				07B63808A5186C5DD23EF257 /* Pods */,
				CF80986F6E8B26D7C3BE1348 /* Frameworks */,
			);
			sourceTree = "<group>";
		};
		3F5787751CE4F2C00065ECEA /* Products */ = {
			isa = PBXGroup;
			children = (
				3F5787741CE4F2C00065ECEA /* Coop.app */,
			);
			name = Products;
			sourceTree = "<group>";
		};
		3F5787761CE4F2C00065ECEA /* Coop */ = {
			isa = PBXGroup;
			children = (
				3FD58CE21CE7519A005EED35 /* Extensions */,
				3F5D688C1CE66C79004E3390 /* Models */,
				3F8470211CE4F85600B6D01E /* Factories */,
				3F8470091CE4F3F700B6D01E /* Scenes */,
				3F5D688A1CE667EF004E3390 /* ApiManager.swift */,
				3F5787771CE4F2C00065ECEA /* AppDelegate.swift */,
				3F5787811CE4F2C00065ECEA /* Assets.xcassets */,
				3F5787831CE4F2C00065ECEA /* LaunchScreen.storyboard */,
				3F5787861CE4F2C00065ECEA /* Info.plist */,
				3F57877E1CE4F2C00065ECEA /* Coop.xcdatamodeld */,
				3F8470241CE4FB2300B6D01E /* Configuration.swift */,
				3F8470261CE4FB6900B6D01E /* Configuration.plist */,
				3F38CA5D1CE7B016000A3C73 /* Localizable.strings */,
			);
			path = Coop;
			sourceTree = "<group>";
		};
		3F5D688C1CE66C79004E3390 /* Models */ = {
			isa = PBXGroup;
			children = (
				3FA215371CE7BF1900490D0E /* Menu.swift */,
				3F5D688D1CE66C86004E3390 /* Location.swift */,
			);
			name = Models;
			sourceTree = "<group>";
		};
		3F8470091CE4F3F700B6D01E /* Scenes */ = {
			isa = PBXGroup;
			children = (
				3FA215251CE7BBD100490D0E /* MenuDetail */,
				3FD58CC61CE70CE2005EED35 /* Menus */,
				3F84700A1CE4F40100B6D01E /* Locations */,
			);
			name = Scenes;
			sourceTree = "<group>";
		};
		3F84700A1CE4F40100B6D01E /* Locations */ = {
			isa = PBXGroup;
			children = (
				3F84700F1CE4F6C000B6D01E /* Protocols */,
				3F84700B1CE4F4F300B6D01E /* LocationsViewController.swift */,
				3F8470141CE4F73800B6D01E /* LocationsViewInteractor.swift */,
				3F84700D1CE4F63100B6D01E /* LocationsViewPresenter.swift */,
				3F5D688F1CE6747B004E3390 /* LocationsTableViewDelegate.swift */,
				3F5D68911CE674A1004E3390 /* LocationsTableViewDataSource.swift */,
			);
			name = Locations;
			sourceTree = "<group>";
		};
		3F84700F1CE4F6C000B6D01E /* Protocols */ = {
			isa = PBXGroup;
			children = (
				3F84701C1CE4F7B700B6D01E /* LocationsViewControllerOutput.swift */,
				3F84701E1CE4F7CF00B6D01E /* LocationsViewInteractorOutput.swift */,
				3F8470161CE4F76800B6D01E /* LocationsViewPresenterOutput.swift */,
				3F5D68931CE674FA004E3390 /* LocationsTableViewOutput.swift */,
			);
			name = Protocols;
			sourceTree = "<group>";
		};
		3F8470211CE4F85600B6D01E /* Factories */ = {
			isa = PBXGroup;
			children = (
				3F8470221CE4F87100B6D01E /* ViewControllerFactory.swift */,
			);
			name = Factories;
			sourceTree = "<group>";
		};
		3FA215251CE7BBD100490D0E /* MenuDetail */ = {
			isa = PBXGroup;
			children = (
				3FA2152C1CE7BC4F00490D0E /* Protocols */,
				3FA215261CE7BC4C00490D0E /* MenuDetailViewController.swift */,
				3FA215271CE7BC4C00490D0E /* MenuDetailViewInteractor.swift */,
				3FA215281CE7BC4C00490D0E /* MenuDetailViewPresenter.swift */,
			);
			name = MenuDetail;
			sourceTree = "<group>";
		};
		3FA2152C1CE7BC4F00490D0E /* Protocols */ = {
			isa = PBXGroup;
			children = (
				3FA2152D1CE7BC6100490D0E /* MenuDetailViewControllerOutput.swift */,
				3FA2152E1CE7BC6100490D0E /* MenuDetailViewInteractorOutput.swift */,
				3FA2152F1CE7BC6100490D0E /* MenuDetailViewPresenterOutput.swift */,
			);
			name = Protocols;
			sourceTree = "<group>";
		};
		3FD58CC61CE70CE2005EED35 /* Menus */ = {
			isa = PBXGroup;
			children = (
				3FD58CCD1CE70DB9005EED35 /* Protocols */,
				3FD58CC71CE70D55005EED35 /* MenusViewController.swift */,
				3FD58CC91CE70D69005EED35 /* MenusViewInteractor.swift */,
				3FD58CD01CE70E02005EED35 /* MenusViewPresenter.swift */,
				3FD58CE51CE7553D005EED35 /* MenusTableViewDelegate.swift */,
				3FD58CE71CE75561005EED35 /* MenusTableViewDataSource.swift */,
			);
			name = Menus;
			sourceTree = "<group>";
		};
		3FD58CCD1CE70DB9005EED35 /* Protocols */ = {
			isa = PBXGroup;
			children = (
				3FD58CD61CE70E4E005EED35 /* MenusViewControllerOutput.swift */,
				3FD58CDE1CE70EC4005EED35 /* MenusViewInteractorOutput.swift */,
				3FD58CDA1CE70E95005EED35 /* MenusViewPresenterOutput.swift */,
				3FA215331CE7BDA800490D0E /* MenusTableViewOutput.swift */,
			);
			name = Protocols;
			sourceTree = "<group>";
		};
		3FD58CE21CE7519A005EED35 /* Extensions */ = {
			isa = PBXGroup;
			children = (
				3FA215351CE7BF0700490D0E /* GroupBy.swift */,
			);
			name = Extensions;
			sourceTree = "<group>";
		};
		CF80986F6E8B26D7C3BE1348 /* Frameworks */ = {
			isa = PBXGroup;
			children = (
				628FDAFF2741D5E89860C341 /* Pods_Coop.framework */,
			);
			name = Frameworks;
			sourceTree = "<group>";
		};
/* End PBXGroup section */

/* Begin PBXNativeTarget section */
		3F5787731CE4F2C00065ECEA /* Coop */ = {
			isa = PBXNativeTarget;
			buildConfigurationList = 3F5787891CE4F2C00065ECEA /* Build configuration list for PBXNativeTarget "Coop" */;
			buildPhases = (
				6C129A6C572E7BB40A2597D5 /* Check Pods Manifest.lock */,
				3F5787701CE4F2C00065ECEA /* Sources */,
				3F5787711CE4F2C00065ECEA /* Frameworks */,
				3F5787721CE4F2C00065ECEA /* Resources */,
				7321770064251FE1514C35B3 /* Embed Pods Frameworks */,
				F2525E490543F4C21B26348D /* Copy Pods Resources */,
			);
			buildRules = (
			);
			dependencies = (
			);
			name = Coop;
			productName = Coop;
			productReference = 3F5787741CE4F2C00065ECEA /* Coop.app */;
			productType = "com.apple.product-type.application";
		};
/* End PBXNativeTarget section */

/* Begin PBXProject section */
		3F57876C1CE4F2C00065ECEA /* Project object */ = {
			isa = PBXProject;
			attributes = {
				LastSwiftUpdateCheck = 0730;
				LastUpgradeCheck = 0730;
				ORGANIZATIONNAME = "Jeremy Stucki";
				TargetAttributes = {
					3F5787731CE4F2C00065ECEA = {
						CreatedOnToolsVersion = 7.3.1;
					};
				};
			};
			buildConfigurationList = 3F57876F1CE4F2C00065ECEA /* Build configuration list for PBXProject "Coop" */;
			compatibilityVersion = "Xcode 3.2";
			developmentRegion = English;
			hasScannedForEncodings = 0;
			knownRegions = (
				en,
				Base,
				de,
			);
			mainGroup = 3F57876B1CE4F2C00065ECEA;
			productRefGroup = 3F5787751CE4F2C00065ECEA /* Products */;
			projectDirPath = "";
			projectRoot = "";
			targets = (
				3F5787731CE4F2C00065ECEA /* Coop */,
			);
		};
/* End PBXProject section */

/* Begin PBXResourcesBuildPhase section */
		3F5787721CE4F2C00065ECEA /* Resources */ = {
			isa = PBXResourcesBuildPhase;
			buildActionMask = 2147483647;
			files = (
				3F8470271CE4FB6900B6D01E /* Configuration.plist in Resources */,
				3F38CA5B1CE7B016000A3C73 /* Localizable.strings in Resources */,
				3F5787851CE4F2C00065ECEA /* LaunchScreen.storyboard in Resources */,
				3F5787821CE4F2C00065ECEA /* Assets.xcassets in Resources */,
			);
			runOnlyForDeploymentPostprocessing = 0;
		};
/* End PBXResourcesBuildPhase section */

/* Begin PBXShellScriptBuildPhase section */
		6C129A6C572E7BB40A2597D5 /* Check Pods Manifest.lock */ = {
			isa = PBXShellScriptBuildPhase;
			buildActionMask = 2147483647;
			files = (
			);
			inputPaths = (
			);
			name = "Check Pods Manifest.lock";
			outputPaths = (
			);
			runOnlyForDeploymentPostprocessing = 0;
			shellPath = /bin/sh;
			shellScript = "diff \"${PODS_ROOT}/../Podfile.lock\" \"${PODS_ROOT}/Manifest.lock\" > /dev/null\nif [[ $? != 0 ]] ; then\n    cat << EOM\nerror: The sandbox is not in sync with the Podfile.lock. Run 'pod install' or update your CocoaPods installation.\nEOM\n    exit 1\nfi\n";
			showEnvVarsInLog = 0;
		};
		7321770064251FE1514C35B3 /* Embed Pods Frameworks */ = {
			isa = PBXShellScriptBuildPhase;
			buildActionMask = 2147483647;
			files = (
			);
			inputPaths = (
			);
			name = "Embed Pods Frameworks";
			outputPaths = (
			);
			runOnlyForDeploymentPostprocessing = 0;
			shellPath = /bin/sh;
			shellScript = "\"${SRCROOT}/Pods/Target Support Files/Pods-Coop/Pods-Coop-frameworks.sh\"\n";
			showEnvVarsInLog = 0;
		};
		F2525E490543F4C21B26348D /* Copy Pods Resources */ = {
			isa = PBXShellScriptBuildPhase;
			buildActionMask = 2147483647;
			files = (
			);
			inputPaths = (
			);
			name = "Copy Pods Resources";
			outputPaths = (
			);
			runOnlyForDeploymentPostprocessing = 0;
			shellPath = /bin/sh;
			shellScript = "\"${SRCROOT}/Pods/Target Support Files/Pods-Coop/Pods-Coop-resources.sh\"\n";
			showEnvVarsInLog = 0;
		};
/* End PBXShellScriptBuildPhase section */

/* Begin PBXSourcesBuildPhase section */
		3F5787701CE4F2C00065ECEA /* Sources */ = {
			isa = PBXSourcesBuildPhase;
			buildActionMask = 2147483647;
			files = (
				3F5787801CE4F2C00065ECEA /* Coop.xcdatamodeld in Sources */,
				3FA215301CE7BC6100490D0E /* MenuDetailViewControllerOutput.swift in Sources */,
				3F84701F1CE4F7CF00B6D01E /* LocationsViewInteractorOutput.swift in Sources */,
				3F5D68901CE6747B004E3390 /* LocationsTableViewDelegate.swift in Sources */,
				3F5787781CE4F2C00065ECEA /* AppDelegate.swift in Sources */,
				3FD58CDB1CE70E95005EED35 /* MenusViewPresenterOutput.swift in Sources */,
				3FD58CDF1CE70EC4005EED35 /* MenusViewInteractorOutput.swift in Sources */,
				3F8470231CE4F87100B6D01E /* ViewControllerFactory.swift in Sources */,
				3FD58CE61CE7553D005EED35 /* MenusTableViewDelegate.swift in Sources */,
				3F84701D1CE4F7B700B6D01E /* LocationsViewControllerOutput.swift in Sources */,
				3FA2152A1CE7BC4C00490D0E /* MenuDetailViewInteractor.swift in Sources */,
				3FD58CD71CE70E4E005EED35 /* MenusViewControllerOutput.swift in Sources */,
				3F5D68941CE674FA004E3390 /* LocationsTableViewOutput.swift in Sources */,
				3FD58CCA1CE70D69005EED35 /* MenusViewInteractor.swift in Sources */,
				3FD58CE81CE75561005EED35 /* MenusTableViewDataSource.swift in Sources */,
				3F8470151CE4F73800B6D01E /* LocationsViewInteractor.swift in Sources */,
				3FA215361CE7BF0700490D0E /* GroupBy.swift in Sources */,
				3FA2152B1CE7BC4C00490D0E /* MenuDetailViewPresenter.swift in Sources */,
				3FA215341CE7BDA800490D0E /* MenusTableViewOutput.swift in Sources */,
				3F5D68921CE674A1004E3390 /* LocationsTableViewDataSource.swift in Sources */,
				3F5D688B1CE667EF004E3390 /* ApiManager.swift in Sources */,
				3FD58CC81CE70D55005EED35 /* MenusViewController.swift in Sources */,
				3F8470251CE4FB2300B6D01E /* Configuration.swift in Sources */,
				3FA215291CE7BC4C00490D0E /* MenuDetailViewController.swift in Sources */,
				3FD58CD11CE70E02005EED35 /* MenusViewPresenter.swift in Sources */,
				3F8470171CE4F76800B6D01E /* LocationsViewPresenterOutput.swift in Sources */,
				3FA215381CE7BF1900490D0E /* Menu.swift in Sources */,
				3FA215321CE7BC6100490D0E /* MenuDetailViewPresenterOutput.swift in Sources */,
				3F84700E1CE4F63100B6D01E /* LocationsViewPresenter.swift in Sources */,
				3F5D688E1CE66C86004E3390 /* Location.swift in Sources */,
				3FA215311CE7BC6100490D0E /* MenuDetailViewInteractorOutput.swift in Sources */,
				3F84700C1CE4F4F300B6D01E /* LocationsViewController.swift in Sources */,
			);
			runOnlyForDeploymentPostprocessing = 0;
		};
/* End PBXSourcesBuildPhase section */

/* Begin PBXVariantGroup section */
		3F38CA5D1CE7B016000A3C73 /* Localizable.strings */ = {
			isa = PBXVariantGroup;
			children = (
				3F38CA5E1CE7B01F000A3C73 /* en */,
				3F38CA5F1CE7B02B000A3C73 /* de */,
			);
			name = Localizable.strings;
			sourceTree = "<group>";
		};
		3F5787831CE4F2C00065ECEA /* LaunchScreen.storyboard */ = {
			isa = PBXVariantGroup;
			children = (
				3F5787841CE4F2C00065ECEA /* Base */,
				3F38CA5A1CE7AFE8000A3C73 /* de */,
			);
			name = LaunchScreen.storyboard;
			sourceTree = "<group>";
		};
/* End PBXVariantGroup section */

/* Begin XCBuildConfiguration section */
		3F5787871CE4F2C00065ECEA /* Debug */ = {
			isa = XCBuildConfiguration;
			buildSettings = {
				ALWAYS_SEARCH_USER_PATHS = NO;
				CLANG_ANALYZER_NONNULL = YES;
				CLANG_CXX_LANGUAGE_STANDARD = "gnu++0x";
				CLANG_CXX_LIBRARY = "libc++";
				CLANG_ENABLE_MODULES = YES;
				CLANG_ENABLE_OBJC_ARC = YES;
				CLANG_WARN_BOOL_CONVERSION = YES;
				CLANG_WARN_CONSTANT_CONVERSION = YES;
				CLANG_WARN_DIRECT_OBJC_ISA_USAGE = YES_ERROR;
				CLANG_WARN_EMPTY_BODY = YES;
				CLANG_WARN_ENUM_CONVERSION = YES;
				CLANG_WARN_INT_CONVERSION = YES;
				CLANG_WARN_OBJC_ROOT_CLASS = YES_ERROR;
				CLANG_WARN_UNREACHABLE_CODE = YES;
				CLANG_WARN__DUPLICATE_METHOD_MATCH = YES;
				"CODE_SIGN_IDENTITY[sdk=iphoneos*]" = "iPhone Developer";
				COPY_PHASE_STRIP = NO;
				DEBUG_INFORMATION_FORMAT = dwarf;
				ENABLE_STRICT_OBJC_MSGSEND = YES;
				ENABLE_TESTABILITY = YES;
				GCC_C_LANGUAGE_STANDARD = gnu99;
				GCC_DYNAMIC_NO_PIC = NO;
				GCC_NO_COMMON_BLOCKS = YES;
				GCC_OPTIMIZATION_LEVEL = 0;
				GCC_PREPROCESSOR_DEFINITIONS = (
					"DEBUG=1",
					"$(inherited)",
				);
				GCC_WARN_64_TO_32_BIT_CONVERSION = YES;
				GCC_WARN_ABOUT_RETURN_TYPE = YES_ERROR;
				GCC_WARN_UNDECLARED_SELECTOR = YES;
				GCC_WARN_UNINITIALIZED_AUTOS = YES_AGGRESSIVE;
				GCC_WARN_UNUSED_FUNCTION = YES;
				GCC_WARN_UNUSED_VARIABLE = YES;
				IPHONEOS_DEPLOYMENT_TARGET = 9.3;
				MTL_ENABLE_DEBUG_INFO = YES;
				ONLY_ACTIVE_ARCH = YES;
				SDKROOT = iphoneos;
				SWIFT_OPTIMIZATION_LEVEL = "-Onone";
			};
			name = Debug;
		};
		3F5787881CE4F2C00065ECEA /* Release */ = {
			isa = XCBuildConfiguration;
			buildSettings = {
				ALWAYS_SEARCH_USER_PATHS = NO;
				CLANG_ANALYZER_NONNULL = YES;
				CLANG_CXX_LANGUAGE_STANDARD = "gnu++0x";
				CLANG_CXX_LIBRARY = "libc++";
				CLANG_ENABLE_MODULES = YES;
				CLANG_ENABLE_OBJC_ARC = YES;
				CLANG_WARN_BOOL_CONVERSION = YES;
				CLANG_WARN_CONSTANT_CONVERSION = YES;
				CLANG_WARN_DIRECT_OBJC_ISA_USAGE = YES_ERROR;
				CLANG_WARN_EMPTY_BODY = YES;
				CLANG_WARN_ENUM_CONVERSION = YES;
				CLANG_WARN_INT_CONVERSION = YES;
				CLANG_WARN_OBJC_ROOT_CLASS = YES_ERROR;
				CLANG_WARN_UNREACHABLE_CODE = YES;
				CLANG_WARN__DUPLICATE_METHOD_MATCH = YES;
				"CODE_SIGN_IDENTITY[sdk=iphoneos*]" = "iPhone Developer";
				COPY_PHASE_STRIP = NO;
				DEBUG_INFORMATION_FORMAT = "dwarf-with-dsym";
				ENABLE_NS_ASSERTIONS = NO;
				ENABLE_STRICT_OBJC_MSGSEND = YES;
				GCC_C_LANGUAGE_STANDARD = gnu99;
				GCC_NO_COMMON_BLOCKS = YES;
				GCC_WARN_64_TO_32_BIT_CONVERSION = YES;
				GCC_WARN_ABOUT_RETURN_TYPE = YES_ERROR;
				GCC_WARN_UNDECLARED_SELECTOR = YES;
				GCC_WARN_UNINITIALIZED_AUTOS = YES_AGGRESSIVE;
				GCC_WARN_UNUSED_FUNCTION = YES;
				GCC_WARN_UNUSED_VARIABLE = YES;
				IPHONEOS_DEPLOYMENT_TARGET = 9.3;
				MTL_ENABLE_DEBUG_INFO = NO;
				SDKROOT = iphoneos;
				VALIDATE_PRODUCT = YES;
			};
			name = Release;
		};
		3F57878A1CE4F2C00065ECEA /* Debug */ = {
			isa = XCBuildConfiguration;
			baseConfigurationReference = C6D6BA86820118C9EF3653A5 /* Pods-Coop.debug.xcconfig */;
			buildSettings = {
				ASSETCATALOG_COMPILER_APPICON_NAME = AppIcon;
				CODE_SIGN_IDENTITY = "iPhone Developer";
				INFOPLIST_FILE = Coop/Info.plist;
				LD_RUNPATH_SEARCH_PATHS = "$(inherited) @executable_path/Frameworks";
				PRODUCT_BUNDLE_IDENTIFIER = com.jeremystucki.Coop;
				PRODUCT_NAME = "$(TARGET_NAME)";
				TARGETED_DEVICE_FAMILY = "1,2";
			};
			name = Debug;
		};
		3F57878B1CE4F2C00065ECEA /* Release */ = {
			isa = XCBuildConfiguration;
			baseConfigurationReference = D9EA2BBFAE14AE23083A735C /* Pods-Coop.release.xcconfig */;
			buildSettings = {
				ASSETCATALOG_COMPILER_APPICON_NAME = AppIcon;
				CODE_SIGN_IDENTITY = "iPhone Developer";
				INFOPLIST_FILE = Coop/Info.plist;
				LD_RUNPATH_SEARCH_PATHS = "$(inherited) @executable_path/Frameworks";
				PRODUCT_BUNDLE_IDENTIFIER = com.jeremystucki.Coop;
				PRODUCT_NAME = "$(TARGET_NAME)";
				TARGETED_DEVICE_FAMILY = "1,2";
			};
			name = Release;
		};
/* End XCBuildConfiguration section */

/* Begin XCConfigurationList section */
		3F57876F1CE4F2C00065ECEA /* Build configuration list for PBXProject "Coop" */ = {
			isa = XCConfigurationList;
			buildConfigurations = (
				3F5787871CE4F2C00065ECEA /* Debug */,
				3F5787881CE4F2C00065ECEA /* Release */,
			);
			defaultConfigurationIsVisible = 0;
			defaultConfigurationName = Release;
		};
		3F5787891CE4F2C00065ECEA /* Build configuration list for PBXNativeTarget "Coop" */ = {
			isa = XCConfigurationList;
			buildConfigurations = (
				3F57878A1CE4F2C00065ECEA /* Debug */,
				3F57878B1CE4F2C00065ECEA /* Release */,
			);
			defaultConfigurationIsVisible = 0;
			defaultConfigurationName = Release;
		};
/* End XCConfigurationList section */

/* Begin XCVersionGroup section */
		3F57877E1CE4F2C00065ECEA /* Coop.xcdatamodeld */ = {
			isa = XCVersionGroup;
			children = (
				3F57877F1CE4F2C00065ECEA /* Coop.xcdatamodel */,
			);
			currentVersion = 3F57877F1CE4F2C00065ECEA /* Coop.xcdatamodel */;
			path = Coop.xcdatamodeld;
			sourceTree = "<group>";
			versionGroupType = wrapper.xcdatamodel;
		};
/* End XCVersionGroup section */
	};
	rootObject = 3F57876C1CE4F2C00065ECEA /* Project object */;
}
