// !$*UTF8*$!
{
	archiveVersion = 1;
	classes = {
	};
	objectVersion = 46;
	objects = {

/* Begin PBXBuildFile section */
		3F082D2B1CD67F8E003BF456 /* main.swift in Sources */ = {isa = PBXBuildFile; fileRef = 3F082D2A1CD67F8E003BF456 /* main.swift */; };
		3F082D361CD68011003BF456 /* APIManager.swift in Sources */ = {isa = PBXBuildFile; fileRef = 3F082D311CD68011003BF456 /* APIManager.swift */; };
		3F082D371CD68011003BF456 /* Coop.swift in Sources */ = {isa = PBXBuildFile; fileRef = 3F082D321CD68011003BF456 /* Coop.swift */; };
		3F082D381CD68011003BF456 /* Date.swift in Sources */ = {isa = PBXBuildFile; fileRef = 3F082D331CD68011003BF456 /* Date.swift */; };
		3F082D391CD68011003BF456 /* Menu.swift in Sources */ = {isa = PBXBuildFile; fileRef = 3F082D341CD68011003BF456 /* Menu.swift */; };
		3F082D3A1CD68011003BF456 /* PrettyString.swift in Sources */ = {isa = PBXBuildFile; fileRef = 3F082D351CD68011003BF456 /* PrettyString.swift */; };
/* End PBXBuildFile section */

/* Begin PBXCopyFilesBuildPhase section */
		3F082D251CD67F8E003BF456 /* CopyFiles */ = {
			isa = PBXCopyFilesBuildPhase;
			buildActionMask = 2147483647;
			dstPath = /usr/share/man/man1/;
			dstSubfolderSpec = 0;
			files = (
			);
			runOnlyForDeploymentPostprocessing = 1;
		};
/* End PBXCopyFilesBuildPhase section */

/* Begin PBXFileReference section */
		3F082D271CD67F8E003BF456 /* Coop */ = {isa = PBXFileReference; explicitFileType = "compiled.mach-o.executable"; includeInIndex = 0; path = Coop; sourceTree = BUILT_PRODUCTS_DIR; };
		3F082D2A1CD67F8E003BF456 /* main.swift */ = {isa = PBXFileReference; lastKnownFileType = sourcecode.swift; path = main.swift; sourceTree = "<group>"; };
		3F082D311CD68011003BF456 /* APIManager.swift */ = {isa = PBXFileReference; fileEncoding = 4; lastKnownFileType = sourcecode.swift; name = APIManager.swift; path = ../APIManager.swift; sourceTree = "<group>"; };
		3F082D321CD68011003BF456 /* Coop.swift */ = {isa = PBXFileReference; fileEncoding = 4; lastKnownFileType = sourcecode.swift; path = Coop.swift; sourceTree = SOURCE_ROOT; };
		3F082D331CD68011003BF456 /* Date.swift */ = {isa = PBXFileReference; fileEncoding = 4; lastKnownFileType = sourcecode.swift; name = Date.swift; path = ../Date.swift; sourceTree = "<group>"; };
		3F082D341CD68011003BF456 /* Menu.swift */ = {isa = PBXFileReference; fileEncoding = 4; lastKnownFileType = sourcecode.swift; name = Menu.swift; path = ../Menu.swift; sourceTree = "<group>"; };
		3F082D351CD68011003BF456 /* PrettyString.swift */ = {isa = PBXFileReference; fileEncoding = 4; lastKnownFileType = sourcecode.swift; name = PrettyString.swift; path = ../PrettyString.swift; sourceTree = "<group>"; };
/* End PBXFileReference section */

/* Begin PBXFrameworksBuildPhase section */
		3F082D241CD67F8E003BF456 /* Frameworks */ = {
			isa = PBXFrameworksBuildPhase;
			buildActionMask = 2147483647;
			files = (
			);
			runOnlyForDeploymentPostprocessing = 0;
		};
/* End PBXFrameworksBuildPhase section */

/* Begin PBXGroup section */
		3F082D1E1CD67F8E003BF456 = {
			isa = PBXGroup;
			children = (
				3F082D291CD67F8E003BF456 /* Coop */,
				3F082D281CD67F8E003BF456 /* Products */,
			);
			sourceTree = "<group>";
		};
		3F082D281CD67F8E003BF456 /* Products */ = {
			isa = PBXGroup;
			children = (
				3F082D271CD67F8E003BF456 /* Coop */,
			);
			name = Products;
			sourceTree = "<group>";
		};
		3F082D291CD67F8E003BF456 /* Coop */ = {
			isa = PBXGroup;
			children = (
				3F082D311CD68011003BF456 /* APIManager.swift */,
				3F082D321CD68011003BF456 /* Coop.swift */,
				3F082D331CD68011003BF456 /* Date.swift */,
				3F082D341CD68011003BF456 /* Menu.swift */,
				3F082D351CD68011003BF456 /* PrettyString.swift */,
				3F082D2A1CD67F8E003BF456 /* main.swift */,
			);
			path = Coop;
			sourceTree = "<group>";
		};
/* End PBXGroup section */

/* Begin PBXNativeTarget section */
		3F082D261CD67F8E003BF456 /* Coop */ = {
			isa = PBXNativeTarget;
			buildConfigurationList = 3F082D2E1CD67F8E003BF456 /* Build configuration list for PBXNativeTarget "Coop" */;
			buildPhases = (
				3F082D231CD67F8E003BF456 /* Sources */,
				3F082D241CD67F8E003BF456 /* Frameworks */,
				3F082D251CD67F8E003BF456 /* CopyFiles */,
			);
			buildRules = (
			);
			dependencies = (
			);
			name = Coop;
			productName = Coop;
			productReference = 3F082D271CD67F8E003BF456 /* Coop */;
			productType = "com.apple.product-type.tool";
		};
/* End PBXNativeTarget section */

/* Begin PBXProject section */
		3F082D1F1CD67F8E003BF456 /* Project object */ = {
			isa = PBXProject;
			attributes = {
				LastSwiftUpdateCheck = 0730;
				LastUpgradeCheck = 0730;
				ORGANIZATIONNAME = "Jeremy Stucki";
				TargetAttributes = {
					3F082D261CD67F8E003BF456 = {
						CreatedOnToolsVersion = 7.3;
					};
				};
			};
			buildConfigurationList = 3F082D221CD67F8E003BF456 /* Build configuration list for PBXProject "Coop" */;
			compatibilityVersion = "Xcode 3.2";
			developmentRegion = English;
			hasScannedForEncodings = 0;
			knownRegions = (
				en,
			);
			mainGroup = 3F082D1E1CD67F8E003BF456;
			productRefGroup = 3F082D281CD67F8E003BF456 /* Products */;
			projectDirPath = "";
			projectRoot = "";
			targets = (
				3F082D261CD67F8E003BF456 /* Coop */,
			);
		};
/* End PBXProject section */

/* Begin PBXSourcesBuildPhase section */
		3F082D231CD67F8E003BF456 /* Sources */ = {
			isa = PBXSourcesBuildPhase;
			buildActionMask = 2147483647;
			files = (
				3F082D3A1CD68011003BF456 /* PrettyString.swift in Sources */,
				3F082D371CD68011003BF456 /* Coop.swift in Sources */,
				3F082D361CD68011003BF456 /* APIManager.swift in Sources */,
				3F082D2B1CD67F8E003BF456 /* main.swift in Sources */,
				3F082D381CD68011003BF456 /* Date.swift in Sources */,
				3F082D391CD68011003BF456 /* Menu.swift in Sources */,
			);
			runOnlyForDeploymentPostprocessing = 0;
		};
/* End PBXSourcesBuildPhase section */

/* Begin XCBuildConfiguration section */
		3F082D2C1CD67F8E003BF456 /* Debug */ = {
			isa = XCBuildConfiguration;
			buildSettings = {
				ALWAYS_SEARCH_USER_PATHS = NO;
				CLANG_ANALYZER_NONNULL = YES;
				CLANG_CXX_LANGUAGE_STANDARD = "gnu++0x";
				CLANG_CXX_LIBRARY = "libc++";
				CLANG_ENABLE_MODULES = YES;
				CLANG_ENABLE_OBJC_ARC = YES;
				CLANG_WARN_BOOL_CONVERSION = YES;
				CLANG_WARN_CONSTANT_CONVERSION = YES;
				CLANG_WARN_DIRECT_OBJC_ISA_USAGE = YES_ERROR;
				CLANG_WARN_EMPTY_BODY = YES;
				CLANG_WARN_ENUM_CONVERSION = YES;
				CLANG_WARN_INT_CONVERSION = YES;
				CLANG_WARN_OBJC_ROOT_CLASS = YES_ERROR;
				CLANG_WARN_UNREACHABLE_CODE = YES;
				CLANG_WARN__DUPLICATE_METHOD_MATCH = YES;
				CODE_SIGN_IDENTITY = "-";
				COPY_PHASE_STRIP = NO;
				DEBUG_INFORMATION_FORMAT = dwarf;
				ENABLE_STRICT_OBJC_MSGSEND = YES;
				ENABLE_TESTABILITY = YES;
				GCC_C_LANGUAGE_STANDARD = gnu99;
				GCC_DYNAMIC_NO_PIC = NO;
				GCC_NO_COMMON_BLOCKS = YES;
				GCC_OPTIMIZATION_LEVEL = 0;
				GCC_PREPROCESSOR_DEFINITIONS = (
					"DEBUG=1",
					"$(inherited)",
				);
				GCC_WARN_64_TO_32_BIT_CONVERSION = YES;
				GCC_WARN_ABOUT_RETURN_TYPE = YES_ERROR;
				GCC_WARN_UNDECLARED_SELECTOR = YES;
				GCC_WARN_UNINITIALIZED_AUTOS = YES_AGGRESSIVE;
				GCC_WARN_UNUSED_FUNCTION = YES;
				GCC_WARN_UNUSED_VARIABLE = YES;
				MACOSX_DEPLOYMENT_TARGET = 10.11;
				MTL_ENABLE_DEBUG_INFO = YES;
				ONLY_ACTIVE_ARCH = YES;
				SDKROOT = macosx;
				SWIFT_OPTIMIZATION_LEVEL = "-Onone";
			};
			name = Debug;
		};
		3F082D2D1CD67F8E003BF456 /* Release */ = {
			isa = XCBuildConfiguration;
			buildSettings = {
				ALWAYS_SEARCH_USER_PATHS = NO;
				CLANG_ANALYZER_NONNULL = YES;
				CLANG_CXX_LANGUAGE_STANDARD = "gnu++0x";
				CLANG_CXX_LIBRARY = "libc++";
				CLANG_ENABLE_MODULES = YES;
				CLANG_ENABLE_OBJC_ARC = YES;
				CLANG_WARN_BOOL_CONVERSION = YES;
				CLANG_WARN_CONSTANT_CONVERSION = YES;
				CLANG_WARN_DIRECT_OBJC_ISA_USAGE = YES_ERROR;
				CLANG_WARN_EMPTY_BODY = YES;
				CLANG_WARN_ENUM_CONVERSION = YES;
				CLANG_WARN_INT_CONVERSION = YES;
				CLANG_WARN_OBJC_ROOT_CLASS = YES_ERROR;
				CLANG_WARN_UNREACHABLE_CODE = YES;
				CLANG_WARN__DUPLICATE_METHOD_MATCH = YES;
				CODE_SIGN_IDENTITY = "-";
				COPY_PHASE_STRIP = NO;
				DEBUG_INFORMATION_FORMAT = "dwarf-with-dsym";
				ENABLE_NS_ASSERTIONS = NO;
				ENABLE_STRICT_OBJC_MSGSEND = YES;
				GCC_C_LANGUAGE_STANDARD = gnu99;
				GCC_NO_COMMON_BLOCKS = YES;
				GCC_WARN_64_TO_32_BIT_CONVERSION = YES;
				GCC_WARN_ABOUT_RETURN_TYPE = YES_ERROR;
				GCC_WARN_UNDECLARED_SELECTOR = YES;
				GCC_WARN_UNINITIALIZED_AUTOS = YES_AGGRESSIVE;
				GCC_WARN_UNUSED_FUNCTION = YES;
				GCC_WARN_UNUSED_VARIABLE = YES;
				MACOSX_DEPLOYMENT_TARGET = 10.11;
				MTL_ENABLE_DEBUG_INFO = NO;
				SDKROOT = macosx;
			};
			name = Release;
		};
		3F082D2F1CD67F8E003BF456 /* Debug */ = {
			isa = XCBuildConfiguration;
			buildSettings = {
				PRODUCT_NAME = "$(TARGET_NAME)";
			};
			name = Debug;
		};
		3F082D301CD67F8E003BF456 /* Release */ = {
			isa = XCBuildConfiguration;
			buildSettings = {
				PRODUCT_NAME = "$(TARGET_NAME)";
			};
			name = Release;
		};
/* End XCBuildConfiguration section */

/* Begin XCConfigurationList section */
		3F082D221CD67F8E003BF456 /* Build configuration list for PBXProject "Coop" */ = {
			isa = XCConfigurationList;
			buildConfigurations = (
				3F082D2C1CD67F8E003BF456 /* Debug */,
				3F082D2D1CD67F8E003BF456 /* Release */,
			);
			defaultConfigurationIsVisible = 0;
			defaultConfigurationName = Release;
		};
		3F082D2E1CD67F8E003BF456 /* Build configuration list for PBXNativeTarget "Coop" */ = {
			isa = XCConfigurationList;
			buildConfigurations = (
				3F082D2F1CD67F8E003BF456 /* Debug */,
				3F082D301CD67F8E003BF456 /* Release */,
			);
			defaultConfigurationIsVisible = 0;
			defaultConfigurationName = Release;
		};
/* End XCConfigurationList section */
	};
	rootObject = 3F082D1F1CD67F8E003BF456 /* Project object */;
}
